// !$*UTF8*$!
{
	archiveVersion = 1;
	classes = {
	};
	objectVersion = 46;
	objects = {

/* Begin PBXBuildFile section */
		C50C62891B3CEB5B0080B9BA /* Foundation.framework in Frameworks */ = {isa = PBXBuildFile; fileRef = C50C62881B3CEB5B0080B9BA /* Foundation.framework */; };
		C50C628B1B3CEB5B0080B9BA /* CoreGraphics.framework in Frameworks */ = {isa = PBXBuildFile; fileRef = C50C628A1B3CEB5B0080B9BA /* CoreGraphics.framework */; };
		C50C628D1B3CEB5B0080B9BA /* UIKit.framework in Frameworks */ = {isa = PBXBuildFile; fileRef = C50C628C1B3CEB5B0080B9BA /* UIKit.framework */; };
		C50C62931B3CEB5B0080B9BA /* InfoPlist.strings in Resources */ = {isa = PBXBuildFile; fileRef = C50C62911B3CEB5B0080B9BA /* InfoPlist.strings */; };
		C50C62951B3CEB5B0080B9BA /* main.m in Sources */ = {isa = PBXBuildFile; fileRef = C50C62941B3CEB5B0080B9BA /* main.m */; };
		C50C62991B3CEB5B0080B9BA /* BIDAppDelegate.m in Sources */ = {isa = PBXBuildFile; fileRef = C50C62981B3CEB5B0080B9BA /* BIDAppDelegate.m */; };
		C50C629C1B3CEB5B0080B9BA /* Main.storyboard in Resources */ = {isa = PBXBuildFile; fileRef = C50C629A1B3CEB5B0080B9BA /* Main.storyboard */; };
		C50C629F1B3CEB5B0080B9BA /* BIDViewController.m in Sources */ = {isa = PBXBuildFile; fileRef = C50C629E1B3CEB5B0080B9BA /* BIDViewController.m */; };
		C50C62A11B3CEB5B0080B9BA /* Images.xcassets in Resources */ = {isa = PBXBuildFile; fileRef = C50C62A01B3CEB5B0080B9BA /* Images.xcassets */; };
		C50C62A81B3CEB5B0080B9BA /* XCTest.framework in Frameworks */ = {isa = PBXBuildFile; fileRef = C50C62A71B3CEB5B0080B9BA /* XCTest.framework */; };
		C50C62A91B3CEB5B0080B9BA /* Foundation.framework in Frameworks */ = {isa = PBXBuildFile; fileRef = C50C62881B3CEB5B0080B9BA /* Foundation.framework */; };
		C50C62AA1B3CEB5B0080B9BA /* UIKit.framework in Frameworks */ = {isa = PBXBuildFile; fileRef = C50C628C1B3CEB5B0080B9BA /* UIKit.framework */; };
		C50C62B21B3CEB5B0080B9BA /* InfoPlist.strings in Resources */ = {isa = PBXBuildFile; fileRef = C50C62B01B3CEB5B0080B9BA /* InfoPlist.strings */; };
		C50C62B41B3CEB5B0080B9BA /* SimpleTableTests.m in Sources */ = {isa = PBXBuildFile; fileRef = C50C62B31B3CEB5B0080B9BA /* SimpleTableTests.m */; };
/* End PBXBuildFile section */

/* Begin PBXContainerItemProxy section */
		C50C62AB1B3CEB5B0080B9BA /* PBXContainerItemProxy */ = {
			isa = PBXContainerItemProxy;
			containerPortal = C50C627D1B3CEB5B0080B9BA /* Project object */;
			proxyType = 1;
			remoteGlobalIDString = C50C62841B3CEB5B0080B9BA;
			remoteInfo = SimpleTable;
		};
/* End PBXContainerItemProxy section */

/* Begin PBXFileReference section */
		C50C62851B3CEB5B0080B9BA /* SimpleTable.app */ = {isa = PBXFileReference; explicitFileType = wrapper.application; includeInIndex = 0; path = SimpleTable.app; sourceTree = BUILT_PRODUCTS_DIR; };
		C50C62881B3CEB5B0080B9BA /* Foundation.framework */ = {isa = PBXFileReference; lastKnownFileType = wrapper.framework; name = Foundation.framework; path = System/Library/Frameworks/Foundation.framework; sourceTree = SDKROOT; };
		C50C628A1B3CEB5B0080B9BA /* CoreGraphics.framework */ = {isa = PBXFileReference; lastKnownFileType = wrapper.framework; name = CoreGraphics.framework; path = System/Library/Frameworks/CoreGraphics.framework; sourceTree = SDKROOT; };
		C50C628C1B3CEB5B0080B9BA /* UIKit.framework */ = {isa = PBXFileReference; lastKnownFileType = wrapper.framework; name = UIKit.framework; path = System/Library/Frameworks/UIKit.framework; sourceTree = SDKROOT; };
		C50C62901B3CEB5B0080B9BA /* SimpleTable-Info.plist */ = {isa = PBXFileReference; lastKnownFileType = text.plist.xml; path = "SimpleTable-Info.plist"; sourceTree = "<group>"; };
		C50C62921B3CEB5B0080B9BA /* en */ = {isa = PBXFileReference; lastKnownFileType = text.plist.strings; name = en; path = en.lproj/InfoPlist.strings; sourceTree = "<group>"; };
		C50C62941B3CEB5B0080B9BA /* main.m */ = {isa = PBXFileReference; lastKnownFileType = sourcecode.c.objc; path = main.m; sourceTree = "<group>"; };
		C50C62961B3CEB5B0080B9BA /* SimpleTable-Prefix.pch */ = {isa = PBXFileReference; lastKnownFileType = sourcecode.c.h; path = "SimpleTable-Prefix.pch"; sourceTree = "<group>"; };
		C50C62971B3CEB5B0080B9BA /* BIDAppDelegate.h */ = {isa = PBXFileReference; lastKnownFileType = sourcecode.c.h; path = BIDAppDelegate.h; sourceTree = "<group>"; };
		C50C62981B3CEB5B0080B9BA /* BIDAppDelegate.m */ = {isa = PBXFileReference; lastKnownFileType = sourcecode.c.objc; path = BIDAppDelegate.m; sourceTree = "<group>"; };
		C50C629B1B3CEB5B0080B9BA /* Base */ = {isa = PBXFileReference; lastKnownFileType = file.storyboard; name = Base; path = Base.lproj/Main.storyboard; sourceTree = "<group>"; };
		C50C629D1B3CEB5B0080B9BA /* BIDViewController.h */ = {isa = PBXFileReference; lastKnownFileType = sourcecode.c.h; path = BIDViewController.h; sourceTree = "<group>"; };
		C50C629E1B3CEB5B0080B9BA /* BIDViewController.m */ = {isa = PBXFileReference; lastKnownFileType = sourcecode.c.objc; path = BIDViewController.m; sourceTree = "<group>"; };
		C50C62A01B3CEB5B0080B9BA /* Images.xcassets */ = {isa = PBXFileReference; lastKnownFileType = folder.assetcatalog; path = Images.xcassets; sourceTree = "<group>"; };
		C50C62A61B3CEB5B0080B9BA /* SimpleTableTests.xctest */ = {isa = PBXFileReference; explicitFileType = wrapper.cfbundle; includeInIndex = 0; path = SimpleTableTests.xctest; sourceTree = BUILT_PRODUCTS_DIR; };
		C50C62A71B3CEB5B0080B9BA /* XCTest.framework */ = {isa = PBXFileReference; lastKnownFileType = wrapper.framework; name = XCTest.framework; path = Library/Frameworks/XCTest.framework; sourceTree = DEVELOPER_DIR; };
		C50C62AF1B3CEB5B0080B9BA /* SimpleTableTests-Info.plist */ = {isa = PBXFileReference; lastKnownFileType = text.plist.xml; path = "SimpleTableTests-Info.plist"; sourceTree = "<group>"; };
		C50C62B11B3CEB5B0080B9BA /* en */ = {isa = PBXFileReference; lastKnownFileType = text.plist.strings; name = en; path = en.lproj/InfoPlist.strings; sourceTree = "<group>"; };
		C50C62B31B3CEB5B0080B9BA /* SimpleTableTests.m */ = {isa = PBXFileReference; lastKnownFileType = sourcecode.c.objc; path = SimpleTableTests.m; sourceTree = "<group>"; };
/* End PBXFileReference section */

/* Begin PBXFrameworksBuildPhase section */
		C50C62821B3CEB5B0080B9BA /* Frameworks */ = {
			isa = PBXFrameworksBuildPhase;
			buildActionMask = 2147483647;
			files = (
				C50C628B1B3CEB5B0080B9BA /* CoreGraphics.framework in Frameworks */,
				C50C628D1B3CEB5B0080B9BA /* UIKit.framework in Frameworks */,
				C50C62891B3CEB5B0080B9BA /* Foundation.framework in Frameworks */,
			);
			runOnlyForDeploymentPostprocessing = 0;
		};
		C50C62A31B3CEB5B0080B9BA /* Frameworks */ = {
			isa = PBXFrameworksBuildPhase;
			buildActionMask = 2147483647;
			files = (
				C50C62A81B3CEB5B0080B9BA /* XCTest.framework in Frameworks */,
				C50C62AA1B3CEB5B0080B9BA /* UIKit.framework in Frameworks */,
				C50C62A91B3CEB5B0080B9BA /* Foundation.framework in Frameworks */,
			);
			runOnlyForDeploymentPostprocessing = 0;
		};
/* End PBXFrameworksBuildPhase section */

/* Begin PBXGroup section */
		C50C627C1B3CEB5A0080B9BA = {
			isa = PBXGroup;
			children = (
				C50C628E1B3CEB5B0080B9BA /* SimpleTable */,
				C50C62AD1B3CEB5B0080B9BA /* SimpleTableTests */,
				C50C62871B3CEB5B0080B9BA /* Frameworks */,
				C50C62861B3CEB5B0080B9BA /* Products */,
			);
			sourceTree = "<group>";
		};
		C50C62861B3CEB5B0080B9BA /* Products */ = {
			isa = PBXGroup;
			children = (
				C50C62851B3CEB5B0080B9BA /* SimpleTable.app */,
				C50C62A61B3CEB5B0080B9BA /* SimpleTableTests.xctest */,
			);
			name = Products;
			sourceTree = "<group>";
		};
		C50C62871B3CEB5B0080B9BA /* Frameworks */ = {
			isa = PBXGroup;
			children = (
				C50C62881B3CEB5B0080B9BA /* Foundation.framework */,
				C50C628A1B3CEB5B0080B9BA /* CoreGraphics.framework */,
				C50C628C1B3CEB5B0080B9BA /* UIKit.framework */,
				C50C62A71B3CEB5B0080B9BA /* XCTest.framework */,
			);
			name = Frameworks;
			sourceTree = "<group>";
		};
		C50C628E1B3CEB5B0080B9BA /* SimpleTable */ = {
			isa = PBXGroup;
			children = (
				C50C62971B3CEB5B0080B9BA /* BIDAppDelegate.h */,
				C50C62981B3CEB5B0080B9BA /* BIDAppDelegate.m */,
				C50C629A1B3CEB5B0080B9BA /* Main.storyboard */,
				C50C629D1B3CEB5B0080B9BA /* BIDViewController.h */,
				C50C629E1B3CEB5B0080B9BA /* BIDViewController.m */,
				C50C62A01B3CEB5B0080B9BA /* Images.xcassets */,
				C50C628F1B3CEB5B0080B9BA /* Supporting Files */,
			);
			path = SimpleTable;
			sourceTree = "<group>";
		};
		C50C628F1B3CEB5B0080B9BA /* Supporting Files */ = {
			isa = PBXGroup;
			children = (
				C50C62901B3CEB5B0080B9BA /* SimpleTable-Info.plist */,
				C50C62911B3CEB5B0080B9BA /* InfoPlist.strings */,
				C50C62941B3CEB5B0080B9BA /* main.m */,
				C50C62961B3CEB5B0080B9BA /* SimpleTable-Prefix.pch */,
			);
			name = "Supporting Files";
			sourceTree = "<group>";
		};
		C50C62AD1B3CEB5B0080B9BA /* SimpleTableTests */ = {
			isa = PBXGroup;
			children = (
				C50C62B31B3CEB5B0080B9BA /* SimpleTableTests.m */,
				C50C62AE1B3CEB5B0080B9BA /* Supporting Files */,
			);
			path = SimpleTableTests;
			sourceTree = "<group>";
		};
		C50C62AE1B3CEB5B0080B9BA /* Supporting Files */ = {
			isa = PBXGroup;
			children = (
				C50C62AF1B3CEB5B0080B9BA /* SimpleTableTests-Info.plist */,
				C50C62B01B3CEB5B0080B9BA /* InfoPlist.strings */,
			);
			name = "Supporting Files";
			sourceTree = "<group>";
		};
/* End PBXGroup section */

/* Begin PBXNativeTarget section */
		C50C62841B3CEB5B0080B9BA /* SimpleTable */ = {
			isa = PBXNativeTarget;
			buildConfigurationList = C50C62B71B3CEB5B0080B9BA /* Build configuration list for PBXNativeTarget "SimpleTable" */;
			buildPhases = (
				C50C62811B3CEB5B0080B9BA /* Sources */,
				C50C62821B3CEB5B0080B9BA /* Frameworks */,
				C50C62831B3CEB5B0080B9BA /* Resources */,
			);
			buildRules = (
			);
			dependencies = (
			);
			name = SimpleTable;
			productName = SimpleTable;
			productReference = C50C62851B3CEB5B0080B9BA /* SimpleTable.app */;
			productType = "com.apple.product-type.application";
		};
		C50C62A51B3CEB5B0080B9BA /* SimpleTableTests */ = {
			isa = PBXNativeTarget;
			buildConfigurationList = C50C62BA1B3CEB5B0080B9BA /* Build configuration list for PBXNativeTarget "SimpleTableTests" */;
			buildPhases = (
				C50C62A21B3CEB5B0080B9BA /* Sources */,
				C50C62A31B3CEB5B0080B9BA /* Frameworks */,
				C50C62A41B3CEB5B0080B9BA /* Resources */,
			);
			buildRules = (
			);
			dependencies = (
				C50C62AC1B3CEB5B0080B9BA /* PBXTargetDependency */,
			);
			name = SimpleTableTests;
			productName = SimpleTableTests;
			productReference = C50C62A61B3CEB5B0080B9BA /* SimpleTableTests.xctest */;
			productType = "com.apple.product-type.bundle.unit-test";
		};
/* End PBXNativeTarget section */

/* Begin PBXProject section */
		C50C627D1B3CEB5B0080B9BA /* Project object */ = {
			isa = PBXProject;
			attributes = {
				CLASSPREFIX = BID;
				LastUpgradeCheck = 0500;
				ORGANIZATIONNAME = mythware;
				TargetAttributes = {
					C50C62A51B3CEB5B0080B9BA = {
						TestTargetID = C50C62841B3CEB5B0080B9BA;
					};
				};
			};
			buildConfigurationList = C50C62801B3CEB5B0080B9BA /* Build configuration list for PBXProject "SimpleTable" */;
			compatibilityVersion = "Xcode 3.2";
			developmentRegion = English;
			hasScannedForEncodings = 0;
			knownRegions = (
				en,
				Base,
			);
			mainGroup = C50C627C1B3CEB5A0080B9BA;
			productRefGroup = C50C62861B3CEB5B0080B9BA /* Products */;
			projectDirPath = "";
			projectRoot = "";
			targets = (
				C50C62841B3CEB5B0080B9BA /* SimpleTable */,
				C50C62A51B3CEB5B0080B9BA /* SimpleTableTests */,
			);
		};
/* End PBXProject section */

/* Begin PBXResourcesBuildPhase section */
		C50C62831B3CEB5B0080B9BA /* Resources */ = {
			isa = PBXResourcesBuildPhase;
			buildActionMask = 2147483647;
			files = (
				C50C62A11B3CEB5B0080B9BA /* Images.xcassets in Resources */,
				C50C62931B3CEB5B0080B9BA /* InfoPlist.strings in Resources */,
				C50C629C1B3CEB5B0080B9BA /* Main.storyboard in Resources */,
			);
			runOnlyForDeploymentPostprocessing = 0;
		};
		C50C62A41B3CEB5B0080B9BA /* Resources */ = {
			isa = PBXResourcesBuildPhase;
			buildActionMask = 2147483647;
			files = (
				C50C62B21B3CEB5B0080B9BA /* InfoPlist.strings in Resources */,
			);
			runOnlyForDeploymentPostprocessing = 0;
		};
/* End PBXResourcesBuildPhase section */

/* Begin PBXSourcesBuildPhase section */
		C50C62811B3CEB5B0080B9BA /* Sources */ = {
			isa = PBXSourcesBuildPhase;
			buildActionMask = 2147483647;
			files = (
				C50C62991B3CEB5B0080B9BA /* BIDAppDelegate.m in Sources */,
				C50C629F1B3CEB5B0080B9BA /* BIDViewController.m in Sources */,
				C50C62951B3CEB5B0080B9BA /* main.m in Sources */,
			);
			runOnlyForDeploymentPostprocessing = 0;
		};
		C50C62A21B3CEB5B0080B9BA /* Sources */ = {
			isa = PBXSourcesBuildPhase;
			buildActionMask = 2147483647;
			files = (
				C50C62B41B3CEB5B0080B9BA /* SimpleTableTests.m in Sources */,
			);
			runOnlyForDeploymentPostprocessing = 0;
		};
/* End PBXSourcesBuildPhase section */

/* Begin PBXTargetDependency section */
		C50C62AC1B3CEB5B0080B9BA /* PBXTargetDependency */ = {
			isa = PBXTargetDependency;
			target = C50C62841B3CEB5B0080B9BA /* SimpleTable */;
			targetProxy = C50C62AB1B3CEB5B0080B9BA /* PBXContainerItemProxy */;
		};
/* End PBXTargetDependency section */

/* Begin PBXVariantGroup section */
		C50C62911B3CEB5B0080B9BA /* InfoPlist.strings */ = {
			isa = PBXVariantGroup;
			children = (
				C50C62921B3CEB5B0080B9BA /* en */,
			);
			name = InfoPlist.strings;
			sourceTree = "<group>";
		};
		C50C629A1B3CEB5B0080B9BA /* Main.storyboard */ = {
			isa = PBXVariantGroup;
			children = (
				C50C629B1B3CEB5B0080B9BA /* Base */,
			);
			name = Main.storyboard;
			sourceTree = "<group>";
		};
		C50C62B01B3CEB5B0080B9BA /* InfoPlist.strings */ = {
			isa = PBXVariantGroup;
			children = (
				C50C62B11B3CEB5B0080B9BA /* en */,
			);
			name = InfoPlist.strings;
			sourceTree = "<group>";
		};
/* End PBXVariantGroup section */

/* Begin XCBuildConfiguration section */
		C50C62B51B3CEB5B0080B9BA /* Debug */ = {
			isa = XCBuildConfiguration;
			buildSettings = {
				ALWAYS_SEARCH_USER_PATHS = NO;
				ARCHS = "$(ARCHS_STANDARD_INCLUDING_64_BIT)";
				CLANG_CXX_LANGUAGE_STANDARD = "gnu++0x";
				CLANG_CXX_LIBRARY = "libc++";
				CLANG_ENABLE_MODULES = YES;
				CLANG_ENABLE_OBJC_ARC = YES;
				CLANG_WARN_BOOL_CONVERSION = YES;
				CLANG_WARN_CONSTANT_CONVERSION = YES;
				CLANG_WARN_DIRECT_OBJC_ISA_USAGE = YES_ERROR;
				CLANG_WARN_EMPTY_BODY = YES;
				CLANG_WARN_ENUM_CONVERSION = YES;
				CLANG_WARN_INT_CONVERSION = YES;
				CLANG_WARN_OBJC_ROOT_CLASS = YES_ERROR;
				CLANG_WARN__DUPLICATE_METHOD_MATCH = YES;
				"CODE_SIGN_IDENTITY[sdk=iphoneos*]" = "iPhone Developer";
				COPY_PHASE_STRIP = NO;
				GCC_C_LANGUAGE_STANDARD = gnu99;
				GCC_DYNAMIC_NO_PIC = NO;
				GCC_OPTIMIZATION_LEVEL = 0;
				GCC_PREPROCESSOR_DEFINITIONS = (
					"DEBUG=1",
					"$(inherited)",
				);
				GCC_SYMBOLS_PRIVATE_EXTERN = NO;
				GCC_WARN_64_TO_32_BIT_CONVERSION = YES;
				GCC_WARN_ABOUT_RETURN_TYPE = YES_ERROR;
				GCC_WARN_UNDECLARED_SELECTOR = YES;
				GCC_WARN_UNINITIALIZED_AUTOS = YES;
				GCC_WARN_UNUSED_FUNCTION = YES;
				GCC_WARN_UNUSED_VARIABLE = YES;
				IPHONEOS_DEPLOYMENT_TARGET = 7.0;
				ONLY_ACTIVE_ARCH = YES;
				SDKROOT = iphoneos;
			};
			name = Debug;
		};
		C50C62B61B3CEB5B0080B9BA /* Release */ = {
			isa = XCBuildConfiguration;
			buildSettings = {
				ALWAYS_SEARCH_USER_PATHS = NO;
				ARCHS = "$(ARCHS_STANDARD_INCLUDING_64_BIT)";
				CLANG_CXX_LANGUAGE_STANDARD = "gnu++0x";
				CLANG_CXX_LIBRARY = "libc++";
				CLANG_ENABLE_MODULES = YES;
				CLANG_ENABLE_OBJC_ARC = YES;
				CLANG_WARN_BOOL_CONVERSION = YES;
				CLANG_WARN_CONSTANT_CONVERSION = YES;
				CLANG_WARN_DIRECT_OBJC_ISA_USAGE = YES_ERROR;
				CLANG_WARN_EMPTY_BODY = YES;
				CLANG_WARN_ENUM_CONVERSION = YES;
				CLANG_WARN_INT_CONVERSION = YES;
				CLANG_WARN_OBJC_ROOT_CLASS = YES_ERROR;
				CLANG_WARN__DUPLICATE_METHOD_MATCH = YES;
				"CODE_SIGN_IDENTITY[sdk=iphoneos*]" = "iPhone Developer";
				COPY_PHASE_STRIP = YES;
				ENABLE_NS_ASSERTIONS = NO;
				GCC_C_LANGUAGE_STANDARD = gnu99;
				GCC_WARN_64_TO_32_BIT_CONVERSION = YES;
				GCC_WARN_ABOUT_RETURN_TYPE = YES_ERROR;
				GCC_WARN_UNDECLARED_SELECTOR = YES;
				GCC_WARN_UNINITIALIZED_AUTOS = YES;
				GCC_WARN_UNUSED_FUNCTION = YES;
				GCC_WARN_UNUSED_VARIABLE = YES;
				IPHONEOS_DEPLOYMENT_TARGET = 7.0;
				SDKROOT = iphoneos;
				VALIDATE_PRODUCT = YES;
			};
			name = Release;
		};
		C50C62B81B3CEB5B0080B9BA /* Debug */ = {
			isa = XCBuildConfiguration;
			buildSettings = {
				ASSETCATALOG_COMPILER_APPICON_NAME = AppIcon;
				ASSETCATALOG_COMPILER_LAUNCHIMAGE_NAME = LaunchImage;
				GCC_PRECOMPILE_PREFIX_HEADER = YES;
				GCC_PREFIX_HEADER = "SimpleTable/SimpleTable-Prefix.pch";
				INFOPLIST_FILE = "SimpleTable/SimpleTable-Info.plist";
				PRODUCT_NAME = "$(TARGET_NAME)";
				WRAPPER_EXTENSION = app;
			};
			name = Debug;
		};
		C50C62B91B3CEB5B0080B9BA /* Release */ = {
			isa = XCBuildConfiguration;
			buildSettings = {
				ASSETCATALOG_COMPILER_APPICON_NAME = AppIcon;
				ASSETCATALOG_COMPILER_LAUNCHIMAGE_NAME = LaunchImage;
				GCC_PRECOMPILE_PREFIX_HEADER = YES;
				GCC_PREFIX_HEADER = "SimpleTable/SimpleTable-Prefix.pch";
				INFOPLIST_FILE = "SimpleTable/SimpleTable-Info.plist";
				PRODUCT_NAME = "$(TARGET_NAME)";
				WRAPPER_EXTENSION = app;
			};
			name = Release;
		};
		C50C62BB1B3CEB5B0080B9BA /* Debug */ = {
			isa = XCBuildConfiguration;
			buildSettings = {
				ARCHS = "$(ARCHS_STANDARD_INCLUDING_64_BIT)";
				BUNDLE_LOADER = "$(BUILT_PRODUCTS_DIR)/SimpleTable.app/SimpleTable";
				FRAMEWORK_SEARCH_PATHS = (
					"$(SDKROOT)/Developer/Library/Frameworks",
					"$(inherited)",
					"$(DEVELOPER_FRAMEWORKS_DIR)",
				);
				GCC_PRECOMPILE_PREFIX_HEADER = YES;
				GCC_PREFIX_HEADER = "SimpleTable/SimpleTable-Prefix.pch";
				GCC_PREPROCESSOR_DEFINITIONS = (
					"DEBUG=1",
					"$(inherited)",
				);
				INFOPLIST_FILE = "SimpleTableTests/SimpleTableTests-Info.plist";
				PRODUCT_NAME = "$(TARGET_NAME)";
				TEST_HOST = "$(BUNDLE_LOADER)";
				WRAPPER_EXTENSION = xctest;
			};
			name = Debug;
		};
		C50C62BC1B3CEB5B0080B9BA /* Release */ = {
			isa = XCBuildConfiguration;
			buildSettings = {
				ARCHS = "$(ARCHS_STANDARD_INCLUDING_64_BIT)";
				BUNDLE_LOADER = "$(BUILT_PRODUCTS_DIR)/SimpleTable.app/SimpleTable";
				FRAMEWORK_SEARCH_PATHS = (
					"$(SDKROOT)/Developer/Library/Frameworks",
					"$(inherited)",
					"$(DEVELOPER_FRAMEWORKS_DIR)",
				);
				GCC_PRECOMPILE_PREFIX_HEADER = YES;
				GCC_PREFIX_HEADER = "SimpleTable/SimpleTable-Prefix.pch";
				INFOPLIST_FILE = "SimpleTableTests/SimpleTableTests-Info.plist";
				PRODUCT_NAME = "$(TARGET_NAME)";
				TEST_HOST = "$(BUNDLE_LOADER)";
				WRAPPER_EXTENSION = xctest;
			};
			name = Release;
		};
/* End XCBuildConfiguration section */

/* Begin XCConfigurationList section */
		C50C62801B3CEB5B0080B9BA /* Build configuration list for PBXProject "SimpleTable" */ = {
			isa = XCConfigurationList;
			buildConfigurations = (
				C50C62B51B3CEB5B0080B9BA /* Debug */,
				C50C62B61B3CEB5B0080B9BA /* Release */,
			);
			defaultConfigurationIsVisible = 0;
			defaultConfigurationName = Release;
		};
		C50C62B71B3CEB5B0080B9BA /* Build configuration list for PBXNativeTarget "SimpleTable" */ = {
			isa = XCConfigurationList;
			buildConfigurations = (
				C50C62B81B3CEB5B0080B9BA /* Debug */,
				C50C62B91B3CEB5B0080B9BA /* Release */,
			);
			defaultConfigurationIsVisible = 0;
		};
		C50C62BA1B3CEB5B0080B9BA /* Build configuration list for PBXNativeTarget "SimpleTableTests" */ = {
			isa = XCConfigurationList;
			buildConfigurations = (
				C50C62BB1B3CEB5B0080B9BA /* Debug */,
				C50C62BC1B3CEB5B0080B9BA /* Release */,
			);
			defaultConfigurationIsVisible = 0;
		};
/* End XCConfigurationList section */
	};
	rootObject = C50C627D1B3CEB5B0080B9BA /* Project object */;
}
