// !$*UTF8*$!
{
	archiveVersion = 1;
	classes = {
	};
	objectVersion = 46;
	objects = {

/* Begin PBXBuildFile section */
		ED443AE51CCCA641008FC945 /* AppDelegate.swift in Sources */ = {isa = PBXBuildFile; fileRef = ED443AE41CCCA641008FC945 /* AppDelegate.swift */; };
		ED443AE71CCCA641008FC945 /* ViewController.swift in Sources */ = {isa = PBXBuildFile; fileRef = ED443AE61CCCA641008FC945 /* ViewController.swift */; };
		ED443AEA1CCCA641008FC945 /* Main.storyboard in Resources */ = {isa = PBXBuildFile; fileRef = ED443AE81CCCA641008FC945 /* Main.storyboard */; };
		ED443AEC1CCCA641008FC945 /* Assets.xcassets in Resources */ = {isa = PBXBuildFile; fileRef = ED443AEB1CCCA641008FC945 /* Assets.xcassets */; };
		ED443AEF1CCCA641008FC945 /* LaunchScreen.storyboard in Resources */ = {isa = PBXBuildFile; fileRef = ED443AED1CCCA641008FC945 /* LaunchScreen.storyboard */; };
		ED443AF91CCCC17D008FC945 /* PlayersViewController.swift in Sources */ = {isa = PBXBuildFile; fileRef = ED443AF81CCCC17D008FC945 /* PlayersViewController.swift */; };
		ED443AFB1CCCC225008FC945 /* Player.swift in Sources */ = {isa = PBXBuildFile; fileRef = ED443AFA1CCCC225008FC945 /* Player.swift */; };
		ED443AFD1CCCCA85008FC945 /* PlayersData.swift in Sources */ = {isa = PBXBuildFile; fileRef = ED443AFC1CCCCA85008FC945 /* PlayersData.swift */; };
		ED443AFF1CCCDA04008FC945 /* PlayerCell.swift in Sources */ = {isa = PBXBuildFile; fileRef = ED443AFE1CCCDA04008FC945 /* PlayerCell.swift */; };
		ED443B011CCD1438008FC945 /* PlayerDetailsViewController.swift in Sources */ = {isa = PBXBuildFile; fileRef = ED443B001CCD1438008FC945 /* PlayerDetailsViewController.swift */; };
		ED443B031CCD283B008FC945 /* GamePickerViewController.swift in Sources */ = {isa = PBXBuildFile; fileRef = ED443B021CCD283B008FC945 /* GamePickerViewController.swift */; };
/* End PBXBuildFile section */

/* Begin PBXFileReference section */
		ED443AE11CCCA641008FC945 /* IBLearning.app */ = {isa = PBXFileReference; explicitFileType = wrapper.application; includeInIndex = 0; path = IBLearning.app; sourceTree = BUILT_PRODUCTS_DIR; };
		ED443AE41CCCA641008FC945 /* AppDelegate.swift */ = {isa = PBXFileReference; lastKnownFileType = sourcecode.swift; path = AppDelegate.swift; sourceTree = "<group>"; };
		ED443AE61CCCA641008FC945 /* ViewController.swift */ = {isa = PBXFileReference; lastKnownFileType = sourcecode.swift; path = ViewController.swift; sourceTree = "<group>"; };
		ED443AE91CCCA641008FC945 /* Base */ = {isa = PBXFileReference; lastKnownFileType = file.storyboard; name = Base; path = Base.lproj/Main.storyboard; sourceTree = "<group>"; };
		ED443AEB1CCCA641008FC945 /* Assets.xcassets */ = {isa = PBXFileReference; lastKnownFileType = folder.assetcatalog; path = Assets.xcassets; sourceTree = "<group>"; };
		ED443AEE1CCCA641008FC945 /* Base */ = {isa = PBXFileReference; lastKnownFileType = file.storyboard; name = Base; path = Base.lproj/LaunchScreen.storyboard; sourceTree = "<group>"; };
		ED443AF01CCCA641008FC945 /* Info.plist */ = {isa = PBXFileReference; lastKnownFileType = text.plist.xml; path = Info.plist; sourceTree = "<group>"; };
		ED443AF81CCCC17D008FC945 /* PlayersViewController.swift */ = {isa = PBXFileReference; fileEncoding = 4; lastKnownFileType = sourcecode.swift; path = PlayersViewController.swift; sourceTree = "<group>"; };
		ED443AFA1CCCC225008FC945 /* Player.swift */ = {isa = PBXFileReference; fileEncoding = 4; lastKnownFileType = sourcecode.swift; path = Player.swift; sourceTree = "<group>"; };
		ED443AFC1CCCCA85008FC945 /* PlayersData.swift */ = {isa = PBXFileReference; fileEncoding = 4; lastKnownFileType = sourcecode.swift; path = PlayersData.swift; sourceTree = "<group>"; };
		ED443AFE1CCCDA04008FC945 /* PlayerCell.swift */ = {isa = PBXFileReference; fileEncoding = 4; lastKnownFileType = sourcecode.swift; path = PlayerCell.swift; sourceTree = "<group>"; };
		ED443B001CCD1438008FC945 /* PlayerDetailsViewController.swift */ = {isa = PBXFileReference; fileEncoding = 4; lastKnownFileType = sourcecode.swift; path = PlayerDetailsViewController.swift; sourceTree = "<group>"; };
		ED443B021CCD283B008FC945 /* GamePickerViewController.swift */ = {isa = PBXFileReference; fileEncoding = 4; lastKnownFileType = sourcecode.swift; path = GamePickerViewController.swift; sourceTree = "<group>"; };
/* End PBXFileReference section */

/* Begin PBXFrameworksBuildPhase section */
		ED443ADE1CCCA641008FC945 /* Frameworks */ = {
			isa = PBXFrameworksBuildPhase;
			buildActionMask = 2147483647;
			files = (
			);
			runOnlyForDeploymentPostprocessing = 0;
		};
/* End PBXFrameworksBuildPhase section */

/* Begin PBXGroup section */
		ED443AD81CCCA641008FC945 = {
			isa = PBXGroup;
			children = (
				ED443AE31CCCA641008FC945 /* IBLearning */,
				ED443AE21CCCA641008FC945 /* Products */,
			);
			sourceTree = "<group>";
		};
		ED443AE21CCCA641008FC945 /* Products */ = {
			isa = PBXGroup;
			children = (
				ED443AE11CCCA641008FC945 /* IBLearning.app */,
			);
			name = Products;
			sourceTree = "<group>";
		};
		ED443AE31CCCA641008FC945 /* IBLearning */ = {
			isa = PBXGroup;
			children = (
				ED443AE41CCCA641008FC945 /* AppDelegate.swift */,
				ED443AE61CCCA641008FC945 /* ViewController.swift */,
				ED443AE81CCCA641008FC945 /* Main.storyboard */,
				ED443AEB1CCCA641008FC945 /* Assets.xcassets */,
				ED443AED1CCCA641008FC945 /* LaunchScreen.storyboard */,
				ED443AF01CCCA641008FC945 /* Info.plist */,
				ED443AF81CCCC17D008FC945 /* PlayersViewController.swift */,
				ED443AFE1CCCDA04008FC945 /* PlayerCell.swift */,
				ED443AFA1CCCC225008FC945 /* Player.swift */,
				ED443AFC1CCCCA85008FC945 /* PlayersData.swift */,
				ED443B001CCD1438008FC945 /* PlayerDetailsViewController.swift */,
				ED443B021CCD283B008FC945 /* GamePickerViewController.swift */,
			);
			path = IBLearning;
			sourceTree = "<group>";
		};
/* End PBXGroup section */

/* Begin PBXNativeTarget section */
		ED443AE01CCCA641008FC945 /* IBLearning */ = {
			isa = PBXNativeTarget;
			buildConfigurationList = ED443AF31CCCA641008FC945 /* Build configuration list for PBXNativeTarget "IBLearning" */;
			buildPhases = (
				ED443ADD1CCCA641008FC945 /* Sources */,
				ED443ADE1CCCA641008FC945 /* Frameworks */,
				ED443ADF1CCCA641008FC945 /* Resources */,
			);
			buildRules = (
			);
			dependencies = (
			);
			name = IBLearning;
			productName = IBLearning;
			productReference = ED443AE11CCCA641008FC945 /* IBLearning.app */;
			productType = "com.apple.product-type.application";
		};
/* End PBXNativeTarget section */

/* Begin PBXProject section */
		ED443AD91CCCA641008FC945 /* Project object */ = {
			isa = PBXProject;
			attributes = {
				LastSwiftUpdateCheck = 0730;
				LastUpgradeCheck = 0730;
				ORGANIZATIONNAME = wossoneri;
				TargetAttributes = {
					ED443AE01CCCA641008FC945 = {
						CreatedOnToolsVersion = 7.3;
						DevelopmentTeam = BL9NTM3XD4;
					};
				};
			};
			buildConfigurationList = ED443ADC1CCCA641008FC945 /* Build configuration list for PBXProject "IBLearning" */;
			compatibilityVersion = "Xcode 3.2";
			developmentRegion = English;
			hasScannedForEncodings = 0;
			knownRegions = (
				en,
				Base,
			);
			mainGroup = ED443AD81CCCA641008FC945;
			productRefGroup = ED443AE21CCCA641008FC945 /* Products */;
			projectDirPath = "";
			projectRoot = "";
			targets = (
				ED443AE01CCCA641008FC945 /* IBLearning */,
			);
		};
/* End PBXProject section */

/* Begin PBXResourcesBuildPhase section */
		ED443ADF1CCCA641008FC945 /* Resources */ = {
			isa = PBXResourcesBuildPhase;
			buildActionMask = 2147483647;
			files = (
				ED443AEF1CCCA641008FC945 /* LaunchScreen.storyboard in Resources */,
				ED443AEC1CCCA641008FC945 /* Assets.xcassets in Resources */,
				ED443AEA1CCCA641008FC945 /* Main.storyboard in Resources */,
			);
			runOnlyForDeploymentPostprocessing = 0;
		};
/* End PBXResourcesBuildPhase section */

/* Begin PBXSourcesBuildPhase section */
		ED443ADD1CCCA641008FC945 /* Sources */ = {
			isa = PBXSourcesBuildPhase;
			buildActionMask = 2147483647;
			files = (
				ED443B031CCD283B008FC945 /* GamePickerViewController.swift in Sources */,
				ED443AFD1CCCCA85008FC945 /* PlayersData.swift in Sources */,
				ED443AFB1CCCC225008FC945 /* Player.swift in Sources */,
				ED443AFF1CCCDA04008FC945 /* PlayerCell.swift in Sources */,
				ED443B011CCD1438008FC945 /* PlayerDetailsViewController.swift in Sources */,
				ED443AE71CCCA641008FC945 /* ViewController.swift in Sources */,
				ED443AE51CCCA641008FC945 /* AppDelegate.swift in Sources */,
				ED443AF91CCCC17D008FC945 /* PlayersViewController.swift in Sources */,
			);
			runOnlyForDeploymentPostprocessing = 0;
		};
/* End PBXSourcesBuildPhase section */

/* Begin PBXVariantGroup section */
		ED443AE81CCCA641008FC945 /* Main.storyboard */ = {
			isa = PBXVariantGroup;
			children = (
				ED443AE91CCCA641008FC945 /* Base */,
			);
			name = Main.storyboard;
			sourceTree = "<group>";
		};
		ED443AED1CCCA641008FC945 /* LaunchScreen.storyboard */ = {
			isa = PBXVariantGroup;
			children = (
				ED443AEE1CCCA641008FC945 /* Base */,
			);
			name = LaunchScreen.storyboard;
			sourceTree = "<group>";
		};
/* End PBXVariantGroup section */

/* Begin XCBuildConfiguration section */
		ED443AF11CCCA641008FC945 /* Debug */ = {
			isa = XCBuildConfiguration;
			buildSettings = {
				ALWAYS_SEARCH_USER_PATHS = NO;
				CLANG_ANALYZER_NONNULL = YES;
				CLANG_CXX_LANGUAGE_STANDARD = "gnu++0x";
				CLANG_CXX_LIBRARY = "libc++";
				CLANG_ENABLE_MODULES = YES;
				CLANG_ENABLE_OBJC_ARC = YES;
				CLANG_WARN_BOOL_CONVERSION = YES;
				CLANG_WARN_CONSTANT_CONVERSION = YES;
				CLANG_WARN_DIRECT_OBJC_ISA_USAGE = YES_ERROR;
				CLANG_WARN_EMPTY_BODY = YES;
				CLANG_WARN_ENUM_CONVERSION = YES;
				CLANG_WARN_INT_CONVERSION = YES;
				CLANG_WARN_OBJC_ROOT_CLASS = YES_ERROR;
				CLANG_WARN_UNREACHABLE_CODE = YES;
				CLANG_WARN__DUPLICATE_METHOD_MATCH = YES;
				"CODE_SIGN_IDENTITY[sdk=iphoneos*]" = "iPhone Developer";
				COPY_PHASE_STRIP = NO;
				DEBUG_INFORMATION_FORMAT = dwarf;
				ENABLE_STRICT_OBJC_MSGSEND = YES;
				ENABLE_TESTABILITY = YES;
				GCC_C_LANGUAGE_STANDARD = gnu99;
				GCC_DYNAMIC_NO_PIC = NO;
				GCC_NO_COMMON_BLOCKS = YES;
				GCC_OPTIMIZATION_LEVEL = 0;
				GCC_PREPROCESSOR_DEFINITIONS = (
					"DEBUG=1",
					"$(inherited)",
				);
				GCC_WARN_64_TO_32_BIT_CONVERSION = YES;
				GCC_WARN_ABOUT_RETURN_TYPE = YES_ERROR;
				GCC_WARN_UNDECLARED_SELECTOR = YES;
				GCC_WARN_UNINITIALIZED_AUTOS = YES_AGGRESSIVE;
				GCC_WARN_UNUSED_FUNCTION = YES;
				GCC_WARN_UNUSED_VARIABLE = YES;
				IPHONEOS_DEPLOYMENT_TARGET = 9.3;
				MTL_ENABLE_DEBUG_INFO = YES;
				ONLY_ACTIVE_ARCH = YES;
				SDKROOT = iphoneos;
				SWIFT_OPTIMIZATION_LEVEL = "-Onone";
			};
			name = Debug;
		};
		ED443AF21CCCA641008FC945 /* Release */ = {
			isa = XCBuildConfiguration;
			buildSettings = {
				ALWAYS_SEARCH_USER_PATHS = NO;
				CLANG_ANALYZER_NONNULL = YES;
				CLANG_CXX_LANGUAGE_STANDARD = "gnu++0x";
				CLANG_CXX_LIBRARY = "libc++";
				CLANG_ENABLE_MODULES = YES;
				CLANG_ENABLE_OBJC_ARC = YES;
				CLANG_WARN_BOOL_CONVERSION = YES;
				CLANG_WARN_CONSTANT_CONVERSION = YES;
				CLANG_WARN_DIRECT_OBJC_ISA_USAGE = YES_ERROR;
				CLANG_WARN_EMPTY_BODY = YES;
				CLANG_WARN_ENUM_CONVERSION = YES;
				CLANG_WARN_INT_CONVERSION = YES;
				CLANG_WARN_OBJC_ROOT_CLASS = YES_ERROR;
				CLANG_WARN_UNREACHABLE_CODE = YES;
				CLANG_WARN__DUPLICATE_METHOD_MATCH = YES;
				"CODE_SIGN_IDENTITY[sdk=iphoneos*]" = "iPhone Developer";
				COPY_PHASE_STRIP = NO;
				DEBUG_INFORMATION_FORMAT = "dwarf-with-dsym";
				ENABLE_NS_ASSERTIONS = NO;
				ENABLE_STRICT_OBJC_MSGSEND = YES;
				GCC_C_LANGUAGE_STANDARD = gnu99;
				GCC_NO_COMMON_BLOCKS = YES;
				GCC_WARN_64_TO_32_BIT_CONVERSION = YES;
				GCC_WARN_ABOUT_RETURN_TYPE = YES_ERROR;
				GCC_WARN_UNDECLARED_SELECTOR = YES;
				GCC_WARN_UNINITIALIZED_AUTOS = YES_AGGRESSIVE;
				GCC_WARN_UNUSED_FUNCTION = YES;
				GCC_WARN_UNUSED_VARIABLE = YES;
				IPHONEOS_DEPLOYMENT_TARGET = 9.3;
				MTL_ENABLE_DEBUG_INFO = NO;
				SDKROOT = iphoneos;
				VALIDATE_PRODUCT = YES;
			};
			name = Release;
		};
		ED443AF41CCCA641008FC945 /* Debug */ = {
			isa = XCBuildConfiguration;
			buildSettings = {
				ASSETCATALOG_COMPILER_APPICON_NAME = AppIcon;
				INFOPLIST_FILE = IBLearning/Info.plist;
				LD_RUNPATH_SEARCH_PATHS = "$(inherited) @executable_path/Frameworks";
				PRODUCT_BUNDLE_IDENTIFIER = com.magewell.IBLearning;
				PRODUCT_NAME = "$(TARGET_NAME)";
			};
			name = Debug;
		};
		ED443AF51CCCA641008FC945 /* Release */ = {
			isa = XCBuildConfiguration;
			buildSettings = {
				ASSETCATALOG_COMPILER_APPICON_NAME = AppIcon;
				INFOPLIST_FILE = IBLearning/Info.plist;
				LD_RUNPATH_SEARCH_PATHS = "$(inherited) @executable_path/Frameworks";
				PRODUCT_BUNDLE_IDENTIFIER = com.magewell.IBLearning;
				PRODUCT_NAME = "$(TARGET_NAME)";
			};
			name = Release;
		};
/* End XCBuildConfiguration section */

/* Begin XCConfigurationList section */
		ED443ADC1CCCA641008FC945 /* Build configuration list for PBXProject "IBLearning" */ = {
			isa = XCConfigurationList;
			buildConfigurations = (
				ED443AF11CCCA641008FC945 /* Debug */,
				ED443AF21CCCA641008FC945 /* Release */,
			);
			defaultConfigurationIsVisible = 0;
			defaultConfigurationName = Release;
		};
		ED443AF31CCCA641008FC945 /* Build configuration list for PBXNativeTarget "IBLearning" */ = {
			isa = XCConfigurationList;
			buildConfigurations = (
				ED443AF41CCCA641008FC945 /* Debug */,
				ED443AF51CCCA641008FC945 /* Release */,
			);
			defaultConfigurationIsVisible = 0;
		};
/* End XCConfigurationList section */
	};
	rootObject = ED443AD91CCCA641008FC945 /* Project object */;
}
