// !$*UTF8*$!
{
	archiveVersion = 1;
	classes = {
	};
	objectVersion = 46;
	objects = {

/* Begin PBXBuildFile section */
		BDE9F0863202F4FB5753219C /* libPods-QRCodeTest.a in Frameworks */ = {isa = PBXBuildFile; fileRef = AD86CCB21F39280085BB5E52 /* libPods-QRCodeTest.a */; };
		ED2D87C01BE9116600F16827 /* libZXing.a in Frameworks */ = {isa = PBXBuildFile; fileRef = ED2D87BF1BE9116600F16827 /* libZXing.a */; };
		ED57CA811BE90E680055E72B /* main.m in Sources */ = {isa = PBXBuildFile; fileRef = ED57CA801BE90E680055E72B /* main.m */; };
		ED57CA841BE90E680055E72B /* AppDelegate.m in Sources */ = {isa = PBXBuildFile; fileRef = ED57CA831BE90E680055E72B /* AppDelegate.m */; };
		ED57CA871BE90E680055E72B /* ViewController.m in Sources */ = {isa = PBXBuildFile; fileRef = ED57CA861BE90E680055E72B /* ViewController.m */; };
		ED57CA8A1BE90E680055E72B /* Main.storyboard in Resources */ = {isa = PBXBuildFile; fileRef = ED57CA881BE90E680055E72B /* Main.storyboard */; };
		ED57CA8C1BE90E680055E72B /* Assets.xcassets in Resources */ = {isa = PBXBuildFile; fileRef = ED57CA8B1BE90E680055E72B /* Assets.xcassets */; };
		ED57CA8F1BE90E680055E72B /* LaunchScreen.storyboard in Resources */ = {isa = PBXBuildFile; fileRef = ED57CA8D1BE90E680055E72B /* LaunchScreen.storyboard */; };
		ED57CA9A1BE90E680055E72B /* QRCodeTestTests.m in Sources */ = {isa = PBXBuildFile; fileRef = ED57CA991BE90E680055E72B /* QRCodeTestTests.m */; };
		ED57CAA51BE90E680055E72B /* QRCodeTestUITests.m in Sources */ = {isa = PBXBuildFile; fileRef = ED57CAA41BE90E680055E72B /* QRCodeTestUITests.m */; };
/* End PBXBuildFile section */

/* Begin PBXContainerItemProxy section */
		ED57CA961BE90E680055E72B /* PBXContainerItemProxy */ = {
			isa = PBXContainerItemProxy;
			containerPortal = ED57CA741BE90E680055E72B /* Project object */;
			proxyType = 1;
			remoteGlobalIDString = ED57CA7B1BE90E680055E72B;
			remoteInfo = QRCodeTest;
		};
		ED57CAA11BE90E680055E72B /* PBXContainerItemProxy */ = {
			isa = PBXContainerItemProxy;
			containerPortal = ED57CA741BE90E680055E72B /* Project object */;
			proxyType = 1;
			remoteGlobalIDString = ED57CA7B1BE90E680055E72B;
			remoteInfo = QRCodeTest;
		};
/* End PBXContainerItemProxy section */

/* Begin PBXFileReference section */
		50979F1B76887EA51AE42369 /* Pods-QRCodeTest.debug.xcconfig */ = {isa = PBXFileReference; includeInIndex = 1; lastKnownFileType = text.xcconfig; name = "Pods-QRCodeTest.debug.xcconfig"; path = "Pods/Target Support Files/Pods-QRCodeTest/Pods-QRCodeTest.debug.xcconfig"; sourceTree = "<group>"; };
		AD86CCB21F39280085BB5E52 /* libPods-QRCodeTest.a */ = {isa = PBXFileReference; explicitFileType = archive.ar; includeInIndex = 0; path = "libPods-QRCodeTest.a"; sourceTree = BUILT_PRODUCTS_DIR; };
		C47C6E13BA5E213106C49316 /* Pods-QRCodeTest.release.xcconfig */ = {isa = PBXFileReference; includeInIndex = 1; lastKnownFileType = text.xcconfig; name = "Pods-QRCodeTest.release.xcconfig"; path = "Pods/Target Support Files/Pods-QRCodeTest/Pods-QRCodeTest.release.xcconfig"; sourceTree = "<group>"; };
		ED2D87BF1BE9116600F16827 /* libZXing.a */ = {isa = PBXFileReference; lastKnownFileType = archive.ar; name = libZXing.a; path = "Pods/../build/Debug-iphoneos/libZXing.a"; sourceTree = "<group>"; };
		ED57CA7C1BE90E680055E72B /* QRCodeTest.app */ = {isa = PBXFileReference; explicitFileType = wrapper.application; includeInIndex = 0; path = QRCodeTest.app; sourceTree = BUILT_PRODUCTS_DIR; };
		ED57CA801BE90E680055E72B /* main.m */ = {isa = PBXFileReference; lastKnownFileType = sourcecode.c.objc; path = main.m; sourceTree = "<group>"; };
		ED57CA821BE90E680055E72B /* AppDelegate.h */ = {isa = PBXFileReference; lastKnownFileType = sourcecode.c.h; path = AppDelegate.h; sourceTree = "<group>"; };
		ED57CA831BE90E680055E72B /* AppDelegate.m */ = {isa = PBXFileReference; lastKnownFileType = sourcecode.c.objc; path = AppDelegate.m; sourceTree = "<group>"; };
		ED57CA851BE90E680055E72B /* ViewController.h */ = {isa = PBXFileReference; lastKnownFileType = sourcecode.c.h; path = ViewController.h; sourceTree = "<group>"; };
		ED57CA861BE90E680055E72B /* ViewController.m */ = {isa = PBXFileReference; lastKnownFileType = sourcecode.c.objc; path = ViewController.m; sourceTree = "<group>"; };
		ED57CA891BE90E680055E72B /* Base */ = {isa = PBXFileReference; lastKnownFileType = file.storyboard; name = Base; path = Base.lproj/Main.storyboard; sourceTree = "<group>"; };
		ED57CA8B1BE90E680055E72B /* Assets.xcassets */ = {isa = PBXFileReference; lastKnownFileType = folder.assetcatalog; path = Assets.xcassets; sourceTree = "<group>"; };
		ED57CA8E1BE90E680055E72B /* Base */ = {isa = PBXFileReference; lastKnownFileType = file.storyboard; name = Base; path = Base.lproj/LaunchScreen.storyboard; sourceTree = "<group>"; };
		ED57CA901BE90E680055E72B /* Info.plist */ = {isa = PBXFileReference; lastKnownFileType = text.plist.xml; path = Info.plist; sourceTree = "<group>"; };
		ED57CA951BE90E680055E72B /* QRCodeTestTests.xctest */ = {isa = PBXFileReference; explicitFileType = wrapper.cfbundle; includeInIndex = 0; path = QRCodeTestTests.xctest; sourceTree = BUILT_PRODUCTS_DIR; };
		ED57CA991BE90E680055E72B /* QRCodeTestTests.m */ = {isa = PBXFileReference; lastKnownFileType = sourcecode.c.objc; path = QRCodeTestTests.m; sourceTree = "<group>"; };
		ED57CA9B1BE90E680055E72B /* Info.plist */ = {isa = PBXFileReference; lastKnownFileType = text.plist.xml; path = Info.plist; sourceTree = "<group>"; };
		ED57CAA01BE90E680055E72B /* QRCodeTestUITests.xctest */ = {isa = PBXFileReference; explicitFileType = wrapper.cfbundle; includeInIndex = 0; path = QRCodeTestUITests.xctest; sourceTree = BUILT_PRODUCTS_DIR; };
		ED57CAA41BE90E680055E72B /* QRCodeTestUITests.m */ = {isa = PBXFileReference; lastKnownFileType = sourcecode.c.objc; path = QRCodeTestUITests.m; sourceTree = "<group>"; };
		ED57CAA61BE90E680055E72B /* Info.plist */ = {isa = PBXFileReference; lastKnownFileType = text.plist.xml; path = Info.plist; sourceTree = "<group>"; };
/* End PBXFileReference section */

/* Begin PBXFrameworksBuildPhase section */
		ED57CA791BE90E680055E72B /* Frameworks */ = {
			isa = PBXFrameworksBuildPhase;
			buildActionMask = 2147483647;
			files = (
				ED2D87C01BE9116600F16827 /* libZXing.a in Frameworks */,
				BDE9F0863202F4FB5753219C /* libPods-QRCodeTest.a in Frameworks */,
			);
			runOnlyForDeploymentPostprocessing = 0;
		};
		ED57CA921BE90E680055E72B /* Frameworks */ = {
			isa = PBXFrameworksBuildPhase;
			buildActionMask = 2147483647;
			files = (
			);
			runOnlyForDeploymentPostprocessing = 0;
		};
		ED57CA9D1BE90E680055E72B /* Frameworks */ = {
			isa = PBXFrameworksBuildPhase;
			buildActionMask = 2147483647;
			files = (
			);
			runOnlyForDeploymentPostprocessing = 0;
		};
/* End PBXFrameworksBuildPhase section */

/* Begin PBXGroup section */
		77E7B6C82E8B3D632DD60724 /* Frameworks */ = {
			isa = PBXGroup;
			children = (
				ED2D87BF1BE9116600F16827 /* libZXing.a */,
				AD86CCB21F39280085BB5E52 /* libPods-QRCodeTest.a */,
			);
			name = Frameworks;
			sourceTree = "<group>";
		};
		ED57CA731BE90E680055E72B = {
			isa = PBXGroup;
			children = (
				ED57CA7E1BE90E680055E72B /* QRCodeTest */,
				ED57CA981BE90E680055E72B /* QRCodeTestTests */,
				ED57CAA31BE90E680055E72B /* QRCodeTestUITests */,
				ED57CA7D1BE90E680055E72B /* Products */,
				F54C61F3413958E38EDF082C /* Pods */,
				77E7B6C82E8B3D632DD60724 /* Frameworks */,
			);
			sourceTree = "<group>";
		};
		ED57CA7D1BE90E680055E72B /* Products */ = {
			isa = PBXGroup;
			children = (
				ED57CA7C1BE90E680055E72B /* QRCodeTest.app */,
				ED57CA951BE90E680055E72B /* QRCodeTestTests.xctest */,
				ED57CAA01BE90E680055E72B /* QRCodeTestUITests.xctest */,
			);
			name = Products;
			sourceTree = "<group>";
		};
		ED57CA7E1BE90E680055E72B /* QRCodeTest */ = {
			isa = PBXGroup;
			children = (
				ED57CA821BE90E680055E72B /* AppDelegate.h */,
				ED57CA831BE90E680055E72B /* AppDelegate.m */,
				ED57CA851BE90E680055E72B /* ViewController.h */,
				ED57CA861BE90E680055E72B /* ViewController.m */,
				ED57CA881BE90E680055E72B /* Main.storyboard */,
				ED57CA8B1BE90E680055E72B /* Assets.xcassets */,
				ED57CA8D1BE90E680055E72B /* LaunchScreen.storyboard */,
				ED57CA901BE90E680055E72B /* Info.plist */,
				ED57CA7F1BE90E680055E72B /* Supporting Files */,
			);
			path = QRCodeTest;
			sourceTree = "<group>";
		};
		ED57CA7F1BE90E680055E72B /* Supporting Files */ = {
			isa = PBXGroup;
			children = (
				ED57CA801BE90E680055E72B /* main.m */,
			);
			name = "Supporting Files";
			sourceTree = "<group>";
		};
		ED57CA981BE90E680055E72B /* QRCodeTestTests */ = {
			isa = PBXGroup;
			children = (
				ED57CA991BE90E680055E72B /* QRCodeTestTests.m */,
				ED57CA9B1BE90E680055E72B /* Info.plist */,
			);
			path = QRCodeTestTests;
			sourceTree = "<group>";
		};
		ED57CAA31BE90E680055E72B /* QRCodeTestUITests */ = {
			isa = PBXGroup;
			children = (
				ED57CAA41BE90E680055E72B /* QRCodeTestUITests.m */,
				ED57CAA61BE90E680055E72B /* Info.plist */,
			);
			path = QRCodeTestUITests;
			sourceTree = "<group>";
		};
		F54C61F3413958E38EDF082C /* Pods */ = {
			isa = PBXGroup;
			children = (
				50979F1B76887EA51AE42369 /* Pods-QRCodeTest.debug.xcconfig */,
				C47C6E13BA5E213106C49316 /* Pods-QRCodeTest.release.xcconfig */,
			);
			name = Pods;
			sourceTree = "<group>";
		};
/* End PBXGroup section */

/* Begin PBXNativeTarget section */
		ED57CA7B1BE90E680055E72B /* QRCodeTest */ = {
			isa = PBXNativeTarget;
			buildConfigurationList = ED57CAA91BE90E680055E72B /* Build configuration list for PBXNativeTarget "QRCodeTest" */;
			buildPhases = (
				59271E5A69D20D7D092F4432 /* Check Pods Manifest.lock */,
				ED57CA781BE90E680055E72B /* Sources */,
				ED57CA791BE90E680055E72B /* Frameworks */,
				ED57CA7A1BE90E680055E72B /* Resources */,
				7B93FFA1C12A07C83276D957 /* Embed Pods Frameworks */,
				DE576018A0112BD367CE333C /* Copy Pods Resources */,
			);
			buildRules = (
			);
			dependencies = (
			);
			name = QRCodeTest;
			productName = QRCodeTest;
			productReference = ED57CA7C1BE90E680055E72B /* QRCodeTest.app */;
			productType = "com.apple.product-type.application";
		};
		ED57CA941BE90E680055E72B /* QRCodeTestTests */ = {
			isa = PBXNativeTarget;
			buildConfigurationList = ED57CAAC1BE90E680055E72B /* Build configuration list for PBXNativeTarget "QRCodeTestTests" */;
			buildPhases = (
				ED57CA911BE90E680055E72B /* Sources */,
				ED57CA921BE90E680055E72B /* Frameworks */,
				ED57CA931BE90E680055E72B /* Resources */,
			);
			buildRules = (
			);
			dependencies = (
				ED57CA971BE90E680055E72B /* PBXTargetDependency */,
			);
			name = QRCodeTestTests;
			productName = QRCodeTestTests;
			productReference = ED57CA951BE90E680055E72B /* QRCodeTestTests.xctest */;
			productType = "com.apple.product-type.bundle.unit-test";
		};
		ED57CA9F1BE90E680055E72B /* QRCodeTestUITests */ = {
			isa = PBXNativeTarget;
			buildConfigurationList = ED57CAAF1BE90E680055E72B /* Build configuration list for PBXNativeTarget "QRCodeTestUITests" */;
			buildPhases = (
				ED57CA9C1BE90E680055E72B /* Sources */,
				ED57CA9D1BE90E680055E72B /* Frameworks */,
				ED57CA9E1BE90E680055E72B /* Resources */,
			);
			buildRules = (
			);
			dependencies = (
				ED57CAA21BE90E680055E72B /* PBXTargetDependency */,
			);
			name = QRCodeTestUITests;
			productName = QRCodeTestUITests;
			productReference = ED57CAA01BE90E680055E72B /* QRCodeTestUITests.xctest */;
			productType = "com.apple.product-type.bundle.ui-testing";
		};
/* End PBXNativeTarget section */

/* Begin PBXProject section */
		ED57CA741BE90E680055E72B /* Project object */ = {
			isa = PBXProject;
			attributes = {
				LastUpgradeCheck = 0710;
				ORGANIZATIONNAME = wossoneri;
				TargetAttributes = {
					ED57CA7B1BE90E680055E72B = {
						CreatedOnToolsVersion = 7.1;
						DevelopmentTeam = BL9NTM3XD4;
					};
					ED57CA941BE90E680055E72B = {
						CreatedOnToolsVersion = 7.1;
						DevelopmentTeam = BL9NTM3XD4;
						TestTargetID = ED57CA7B1BE90E680055E72B;
					};
					ED57CA9F1BE90E680055E72B = {
						CreatedOnToolsVersion = 7.1;
						DevelopmentTeam = BL9NTM3XD4;
						TestTargetID = ED57CA7B1BE90E680055E72B;
					};
				};
			};
			buildConfigurationList = ED57CA771BE90E680055E72B /* Build configuration list for PBXProject "QRCodeTest" */;
			compatibilityVersion = "Xcode 3.2";
			developmentRegion = English;
			hasScannedForEncodings = 0;
			knownRegions = (
				en,
				Base,
			);
			mainGroup = ED57CA731BE90E680055E72B;
			productRefGroup = ED57CA7D1BE90E680055E72B /* Products */;
			projectDirPath = "";
			projectRoot = "";
			targets = (
				ED57CA7B1BE90E680055E72B /* QRCodeTest */,
				ED57CA941BE90E680055E72B /* QRCodeTestTests */,
				ED57CA9F1BE90E680055E72B /* QRCodeTestUITests */,
			);
		};
/* End PBXProject section */

/* Begin PBXResourcesBuildPhase section */
		ED57CA7A1BE90E680055E72B /* Resources */ = {
			isa = PBXResourcesBuildPhase;
			buildActionMask = 2147483647;
			files = (
				ED57CA8F1BE90E680055E72B /* LaunchScreen.storyboard in Resources */,
				ED57CA8C1BE90E680055E72B /* Assets.xcassets in Resources */,
				ED57CA8A1BE90E680055E72B /* Main.storyboard in Resources */,
			);
			runOnlyForDeploymentPostprocessing = 0;
		};
		ED57CA931BE90E680055E72B /* Resources */ = {
			isa = PBXResourcesBuildPhase;
			buildActionMask = 2147483647;
			files = (
			);
			runOnlyForDeploymentPostprocessing = 0;
		};
		ED57CA9E1BE90E680055E72B /* Resources */ = {
			isa = PBXResourcesBuildPhase;
			buildActionMask = 2147483647;
			files = (
			);
			runOnlyForDeploymentPostprocessing = 0;
		};
/* End PBXResourcesBuildPhase section */

/* Begin PBXShellScriptBuildPhase section */
		59271E5A69D20D7D092F4432 /* Check Pods Manifest.lock */ = {
			isa = PBXShellScriptBuildPhase;
			buildActionMask = 2147483647;
			files = (
			);
			inputPaths = (
			);
			name = "Check Pods Manifest.lock";
			outputPaths = (
			);
			runOnlyForDeploymentPostprocessing = 0;
			shellPath = /bin/sh;
			shellScript = "diff \"${PODS_ROOT}/../Podfile.lock\" \"${PODS_ROOT}/Manifest.lock\" > /dev/null\nif [[ $? != 0 ]] ; then\n    cat << EOM\nerror: The sandbox is not in sync with the Podfile.lock. Run 'pod install' or update your CocoaPods installation.\nEOM\n    exit 1\nfi\n";
			showEnvVarsInLog = 0;
		};
		7B93FFA1C12A07C83276D957 /* Embed Pods Frameworks */ = {
			isa = PBXShellScriptBuildPhase;
			buildActionMask = 2147483647;
			files = (
			);
			inputPaths = (
			);
			name = "Embed Pods Frameworks";
			outputPaths = (
			);
			runOnlyForDeploymentPostprocessing = 0;
			shellPath = /bin/sh;
			shellScript = "\"${SRCROOT}/Pods/Target Support Files/Pods-QRCodeTest/Pods-QRCodeTest-frameworks.sh\"\n";
			showEnvVarsInLog = 0;
		};
		DE576018A0112BD367CE333C /* Copy Pods Resources */ = {
			isa = PBXShellScriptBuildPhase;
			buildActionMask = 2147483647;
			files = (
			);
			inputPaths = (
			);
			name = "Copy Pods Resources";
			outputPaths = (
			);
			runOnlyForDeploymentPostprocessing = 0;
			shellPath = /bin/sh;
			shellScript = "\"${SRCROOT}/Pods/Target Support Files/Pods-QRCodeTest/Pods-QRCodeTest-resources.sh\"\n";
			showEnvVarsInLog = 0;
		};
/* End PBXShellScriptBuildPhase section */

/* Begin PBXSourcesBuildPhase section */
		ED57CA781BE90E680055E72B /* Sources */ = {
			isa = PBXSourcesBuildPhase;
			buildActionMask = 2147483647;
			files = (
				ED57CA871BE90E680055E72B /* ViewController.m in Sources */,
				ED57CA841BE90E680055E72B /* AppDelegate.m in Sources */,
				ED57CA811BE90E680055E72B /* main.m in Sources */,
			);
			runOnlyForDeploymentPostprocessing = 0;
		};
		ED57CA911BE90E680055E72B /* Sources */ = {
			isa = PBXSourcesBuildPhase;
			buildActionMask = 2147483647;
			files = (
				ED57CA9A1BE90E680055E72B /* QRCodeTestTests.m in Sources */,
			);
			runOnlyForDeploymentPostprocessing = 0;
		};
		ED57CA9C1BE90E680055E72B /* Sources */ = {
			isa = PBXSourcesBuildPhase;
			buildActionMask = 2147483647;
			files = (
				ED57CAA51BE90E680055E72B /* QRCodeTestUITests.m in Sources */,
			);
			runOnlyForDeploymentPostprocessing = 0;
		};
/* End PBXSourcesBuildPhase section */

/* Begin PBXTargetDependency section */
		ED57CA971BE90E680055E72B /* PBXTargetDependency */ = {
			isa = PBXTargetDependency;
			target = ED57CA7B1BE90E680055E72B /* QRCodeTest */;
			targetProxy = ED57CA961BE90E680055E72B /* PBXContainerItemProxy */;
		};
		ED57CAA21BE90E680055E72B /* PBXTargetDependency */ = {
			isa = PBXTargetDependency;
			target = ED57CA7B1BE90E680055E72B /* QRCodeTest */;
			targetProxy = ED57CAA11BE90E680055E72B /* PBXContainerItemProxy */;
		};
/* End PBXTargetDependency section */

/* Begin PBXVariantGroup section */
		ED57CA881BE90E680055E72B /* Main.storyboard */ = {
			isa = PBXVariantGroup;
			children = (
				ED57CA891BE90E680055E72B /* Base */,
			);
			name = Main.storyboard;
			sourceTree = "<group>";
		};
		ED57CA8D1BE90E680055E72B /* LaunchScreen.storyboard */ = {
			isa = PBXVariantGroup;
			children = (
				ED57CA8E1BE90E680055E72B /* Base */,
			);
			name = LaunchScreen.storyboard;
			sourceTree = "<group>";
		};
/* End PBXVariantGroup section */

/* Begin XCBuildConfiguration section */
		ED57CAA71BE90E680055E72B /* Debug */ = {
			isa = XCBuildConfiguration;
			buildSettings = {
				ALWAYS_SEARCH_USER_PATHS = NO;
				CLANG_CXX_LANGUAGE_STANDARD = "gnu++0x";
				CLANG_CXX_LIBRARY = "libc++";
				CLANG_ENABLE_MODULES = YES;
				CLANG_ENABLE_OBJC_ARC = YES;
				CLANG_WARN_BOOL_CONVERSION = YES;
				CLANG_WARN_CONSTANT_CONVERSION = YES;
				CLANG_WARN_DIRECT_OBJC_ISA_USAGE = YES_ERROR;
				CLANG_WARN_EMPTY_BODY = YES;
				CLANG_WARN_ENUM_CONVERSION = YES;
				CLANG_WARN_INT_CONVERSION = YES;
				CLANG_WARN_OBJC_ROOT_CLASS = YES_ERROR;
				CLANG_WARN_UNREACHABLE_CODE = YES;
				CLANG_WARN__DUPLICATE_METHOD_MATCH = YES;
				"CODE_SIGN_IDENTITY[sdk=iphoneos*]" = "iPhone Developer";
				COPY_PHASE_STRIP = NO;
				DEBUG_INFORMATION_FORMAT = dwarf;
				ENABLE_STRICT_OBJC_MSGSEND = YES;
				ENABLE_TESTABILITY = YES;
				GCC_C_LANGUAGE_STANDARD = gnu99;
				GCC_DYNAMIC_NO_PIC = NO;
				GCC_NO_COMMON_BLOCKS = YES;
				GCC_OPTIMIZATION_LEVEL = 0;
				GCC_PREPROCESSOR_DEFINITIONS = (
					"DEBUG=1",
					"$(inherited)",
				);
				GCC_WARN_64_TO_32_BIT_CONVERSION = YES;
				GCC_WARN_ABOUT_RETURN_TYPE = YES_ERROR;
				GCC_WARN_UNDECLARED_SELECTOR = YES;
				GCC_WARN_UNINITIALIZED_AUTOS = YES_AGGRESSIVE;
				GCC_WARN_UNUSED_FUNCTION = YES;
				GCC_WARN_UNUSED_VARIABLE = YES;
				IPHONEOS_DEPLOYMENT_TARGET = 9.1;
				MTL_ENABLE_DEBUG_INFO = YES;
				ONLY_ACTIVE_ARCH = YES;
				SDKROOT = iphoneos;
				TARGETED_DEVICE_FAMILY = "1,2";
			};
			name = Debug;
		};
		ED57CAA81BE90E680055E72B /* Release */ = {
			isa = XCBuildConfiguration;
			buildSettings = {
				ALWAYS_SEARCH_USER_PATHS = NO;
				CLANG_CXX_LANGUAGE_STANDARD = "gnu++0x";
				CLANG_CXX_LIBRARY = "libc++";
				CLANG_ENABLE_MODULES = YES;
				CLANG_ENABLE_OBJC_ARC = YES;
				CLANG_WARN_BOOL_CONVERSION = YES;
				CLANG_WARN_CONSTANT_CONVERSION = YES;
				CLANG_WARN_DIRECT_OBJC_ISA_USAGE = YES_ERROR;
				CLANG_WARN_EMPTY_BODY = YES;
				CLANG_WARN_ENUM_CONVERSION = YES;
				CLANG_WARN_INT_CONVERSION = YES;
				CLANG_WARN_OBJC_ROOT_CLASS = YES_ERROR;
				CLANG_WARN_UNREACHABLE_CODE = YES;
				CLANG_WARN__DUPLICATE_METHOD_MATCH = YES;
				"CODE_SIGN_IDENTITY[sdk=iphoneos*]" = "iPhone Developer";
				COPY_PHASE_STRIP = NO;
				DEBUG_INFORMATION_FORMAT = "dwarf-with-dsym";
				ENABLE_NS_ASSERTIONS = NO;
				ENABLE_STRICT_OBJC_MSGSEND = YES;
				GCC_C_LANGUAGE_STANDARD = gnu99;
				GCC_NO_COMMON_BLOCKS = YES;
				GCC_WARN_64_TO_32_BIT_CONVERSION = YES;
				GCC_WARN_ABOUT_RETURN_TYPE = YES_ERROR;
				GCC_WARN_UNDECLARED_SELECTOR = YES;
				GCC_WARN_UNINITIALIZED_AUTOS = YES_AGGRESSIVE;
				GCC_WARN_UNUSED_FUNCTION = YES;
				GCC_WARN_UNUSED_VARIABLE = YES;
				IPHONEOS_DEPLOYMENT_TARGET = 9.1;
				MTL_ENABLE_DEBUG_INFO = NO;
				SDKROOT = iphoneos;
				TARGETED_DEVICE_FAMILY = "1,2";
				VALIDATE_PRODUCT = YES;
			};
			name = Release;
		};
		ED57CAAA1BE90E680055E72B /* Debug */ = {
			isa = XCBuildConfiguration;
			baseConfigurationReference = 50979F1B76887EA51AE42369 /* Pods-QRCodeTest.debug.xcconfig */;
			buildSettings = {
				ASSETCATALOG_COMPILER_APPICON_NAME = AppIcon;
				INFOPLIST_FILE = QRCodeTest/Info.plist;
				LD_RUNPATH_SEARCH_PATHS = "$(inherited) @executable_path/Frameworks";
				LIBRARY_SEARCH_PATHS = (
					"$(inherited)",
					"$(PROJECT_DIR)/build/Debug-iphoneos",
				);
				PRODUCT_BUNDLE_IDENTIFIER = com.magewell.QRCodeTest;
				PRODUCT_NAME = "$(TARGET_NAME)";
			};
			name = Debug;
		};
		ED57CAAB1BE90E680055E72B /* Release */ = {
			isa = XCBuildConfiguration;
			baseConfigurationReference = C47C6E13BA5E213106C49316 /* Pods-QRCodeTest.release.xcconfig */;
			buildSettings = {
				ASSETCATALOG_COMPILER_APPICON_NAME = AppIcon;
				INFOPLIST_FILE = QRCodeTest/Info.plist;
				LD_RUNPATH_SEARCH_PATHS = "$(inherited) @executable_path/Frameworks";
				LIBRARY_SEARCH_PATHS = (
					"$(inherited)",
					"$(PROJECT_DIR)/build/Debug-iphoneos",
				);
				PRODUCT_BUNDLE_IDENTIFIER = com.magewell.QRCodeTest;
				PRODUCT_NAME = "$(TARGET_NAME)";
			};
			name = Release;
		};
		ED57CAAD1BE90E680055E72B /* Debug */ = {
			isa = XCBuildConfiguration;
			buildSettings = {
				BUNDLE_LOADER = "$(TEST_HOST)";
				INFOPLIST_FILE = QRCodeTestTests/Info.plist;
				LD_RUNPATH_SEARCH_PATHS = "$(inherited) @executable_path/Frameworks @loader_path/Frameworks";
				PRODUCT_BUNDLE_IDENTIFIER = com.magewell.QRCodeTestTests;
				PRODUCT_NAME = "$(TARGET_NAME)";
				TEST_HOST = "$(BUILT_PRODUCTS_DIR)/QRCodeTest.app/QRCodeTest";
			};
			name = Debug;
		};
		ED57CAAE1BE90E680055E72B /* Release */ = {
			isa = XCBuildConfiguration;
			buildSettings = {
				BUNDLE_LOADER = "$(TEST_HOST)";
				INFOPLIST_FILE = QRCodeTestTests/Info.plist;
				LD_RUNPATH_SEARCH_PATHS = "$(inherited) @executable_path/Frameworks @loader_path/Frameworks";
				PRODUCT_BUNDLE_IDENTIFIER = com.magewell.QRCodeTestTests;
				PRODUCT_NAME = "$(TARGET_NAME)";
				TEST_HOST = "$(BUILT_PRODUCTS_DIR)/QRCodeTest.app/QRCodeTest";
			};
			name = Release;
		};
		ED57CAB01BE90E680055E72B /* Debug */ = {
			isa = XCBuildConfiguration;
			buildSettings = {
				INFOPLIST_FILE = QRCodeTestUITests/Info.plist;
				LD_RUNPATH_SEARCH_PATHS = "$(inherited) @executable_path/Frameworks @loader_path/Frameworks";
				PRODUCT_BUNDLE_IDENTIFIER = com.magewell.QRCodeTestUITests;
				PRODUCT_NAME = "$(TARGET_NAME)";
				TEST_TARGET_NAME = QRCodeTest;
				USES_XCTRUNNER = YES;
			};
			name = Debug;
		};
		ED57CAB11BE90E680055E72B /* Release */ = {
			isa = XCBuildConfiguration;
			buildSettings = {
				INFOPLIST_FILE = QRCodeTestUITests/Info.plist;
				LD_RUNPATH_SEARCH_PATHS = "$(inherited) @executable_path/Frameworks @loader_path/Frameworks";
				PRODUCT_BUNDLE_IDENTIFIER = com.magewell.QRCodeTestUITests;
				PRODUCT_NAME = "$(TARGET_NAME)";
				TEST_TARGET_NAME = QRCodeTest;
				USES_XCTRUNNER = YES;
			};
			name = Release;
		};
/* End XCBuildConfiguration section */

/* Begin XCConfigurationList section */
		ED57CA771BE90E680055E72B /* Build configuration list for PBXProject "QRCodeTest" */ = {
			isa = XCConfigurationList;
			buildConfigurations = (
				ED57CAA71BE90E680055E72B /* Debug */,
				ED57CAA81BE90E680055E72B /* Release */,
			);
			defaultConfigurationIsVisible = 0;
			defaultConfigurationName = Release;
		};
		ED57CAA91BE90E680055E72B /* Build configuration list for PBXNativeTarget "QRCodeTest" */ = {
			isa = XCConfigurationList;
			buildConfigurations = (
				ED57CAAA1BE90E680055E72B /* Debug */,
				ED57CAAB1BE90E680055E72B /* Release */,
			);
			defaultConfigurationIsVisible = 0;
			defaultConfigurationName = Release;
		};
		ED57CAAC1BE90E680055E72B /* Build configuration list for PBXNativeTarget "QRCodeTestTests" */ = {
			isa = XCConfigurationList;
			buildConfigurations = (
				ED57CAAD1BE90E680055E72B /* Debug */,
				ED57CAAE1BE90E680055E72B /* Release */,
			);
			defaultConfigurationIsVisible = 0;
			defaultConfigurationName = Release;
		};
		ED57CAAF1BE90E680055E72B /* Build configuration list for PBXNativeTarget "QRCodeTestUITests" */ = {
			isa = XCConfigurationList;
			buildConfigurations = (
				ED57CAB01BE90E680055E72B /* Debug */,
				ED57CAB11BE90E680055E72B /* Release */,
			);
			defaultConfigurationIsVisible = 0;
			defaultConfigurationName = Release;
		};
/* End XCConfigurationList section */
	};
	rootObject = ED57CA741BE90E680055E72B /* Project object */;
}
