// !$*UTF8*$!
{
	archiveVersion = 1;
	classes = {
	};
	objectVersion = 46;
	objects = {

/* Begin PBXBuildFile section */
		0E8C8586890AED20D2688E15 /* libPods-CameraTest.a in Frameworks */ = {isa = PBXBuildFile; fileRef = AA86C43469E0AA62B8BC46D3 /* libPods-CameraTest.a */; };
		ED74A7151BEA56B40011A2E3 /* main.m in Sources */ = {isa = PBXBuildFile; fileRef = ED74A7141BEA56B40011A2E3 /* main.m */; };
		ED74A7181BEA56B40011A2E3 /* AppDelegate.m in Sources */ = {isa = PBXBuildFile; fileRef = ED74A7171BEA56B40011A2E3 /* AppDelegate.m */; };
		ED74A71B1BEA56B40011A2E3 /* ViewController.m in Sources */ = {isa = PBXBuildFile; fileRef = ED74A71A1BEA56B40011A2E3 /* ViewController.m */; };
		ED74A71E1BEA56B40011A2E3 /* Main.storyboard in Resources */ = {isa = PBXBuildFile; fileRef = ED74A71C1BEA56B40011A2E3 /* Main.storyboard */; };
		ED74A7201BEA56B40011A2E3 /* Assets.xcassets in Resources */ = {isa = PBXBuildFile; fileRef = ED74A71F1BEA56B40011A2E3 /* Assets.xcassets */; };
		ED74A7231BEA56B40011A2E3 /* LaunchScreen.storyboard in Resources */ = {isa = PBXBuildFile; fileRef = ED74A7211BEA56B40011A2E3 /* LaunchScreen.storyboard */; };
		ED74A72E1BEA56B40011A2E3 /* CameraTestTests.m in Sources */ = {isa = PBXBuildFile; fileRef = ED74A72D1BEA56B40011A2E3 /* CameraTestTests.m */; };
		ED74A7391BEA56B40011A2E3 /* CameraTestUITests.m in Sources */ = {isa = PBXBuildFile; fileRef = ED74A7381BEA56B40011A2E3 /* CameraTestUITests.m */; };
		EDFAD3DA1BEA5A7700375822 /* libMasonry.a in Frameworks */ = {isa = PBXBuildFile; fileRef = EDFAD3D91BEA5A7700375822 /* libMasonry.a */; };
/* End PBXBuildFile section */

/* Begin PBXContainerItemProxy section */
		ED74A72A1BEA56B40011A2E3 /* PBXContainerItemProxy */ = {
			isa = PBXContainerItemProxy;
			containerPortal = ED74A7081BEA56B40011A2E3 /* Project object */;
			proxyType = 1;
			remoteGlobalIDString = ED74A70F1BEA56B40011A2E3;
			remoteInfo = CameraTest;
		};
		ED74A7351BEA56B40011A2E3 /* PBXContainerItemProxy */ = {
			isa = PBXContainerItemProxy;
			containerPortal = ED74A7081BEA56B40011A2E3 /* Project object */;
			proxyType = 1;
			remoteGlobalIDString = ED74A70F1BEA56B40011A2E3;
			remoteInfo = CameraTest;
		};
/* End PBXContainerItemProxy section */

/* Begin PBXFileReference section */
		AA86C43469E0AA62B8BC46D3 /* libPods-CameraTest.a */ = {isa = PBXFileReference; explicitFileType = archive.ar; includeInIndex = 0; path = "libPods-CameraTest.a"; sourceTree = BUILT_PRODUCTS_DIR; };
		B1BA7B793C860A4671D9A65E /* Pods-CameraTest.debug.xcconfig */ = {isa = PBXFileReference; includeInIndex = 1; lastKnownFileType = text.xcconfig; name = "Pods-CameraTest.debug.xcconfig"; path = "Pods/Target Support Files/Pods-CameraTest/Pods-CameraTest.debug.xcconfig"; sourceTree = "<group>"; };
		E728D94C8F2FAC9795E61813 /* Pods-CameraTest.release.xcconfig */ = {isa = PBXFileReference; includeInIndex = 1; lastKnownFileType = text.xcconfig; name = "Pods-CameraTest.release.xcconfig"; path = "Pods/Target Support Files/Pods-CameraTest/Pods-CameraTest.release.xcconfig"; sourceTree = "<group>"; };
		ED74A7101BEA56B40011A2E3 /* CameraTest.app */ = {isa = PBXFileReference; explicitFileType = wrapper.application; includeInIndex = 0; path = CameraTest.app; sourceTree = BUILT_PRODUCTS_DIR; };
		ED74A7141BEA56B40011A2E3 /* main.m */ = {isa = PBXFileReference; lastKnownFileType = sourcecode.c.objc; path = main.m; sourceTree = "<group>"; };
		ED74A7161BEA56B40011A2E3 /* AppDelegate.h */ = {isa = PBXFileReference; lastKnownFileType = sourcecode.c.h; path = AppDelegate.h; sourceTree = "<group>"; };
		ED74A7171BEA56B40011A2E3 /* AppDelegate.m */ = {isa = PBXFileReference; lastKnownFileType = sourcecode.c.objc; path = AppDelegate.m; sourceTree = "<group>"; };
		ED74A7191BEA56B40011A2E3 /* ViewController.h */ = {isa = PBXFileReference; lastKnownFileType = sourcecode.c.h; path = ViewController.h; sourceTree = "<group>"; };
		ED74A71A1BEA56B40011A2E3 /* ViewController.m */ = {isa = PBXFileReference; lastKnownFileType = sourcecode.c.objc; path = ViewController.m; sourceTree = "<group>"; };
		ED74A71D1BEA56B40011A2E3 /* Base */ = {isa = PBXFileReference; lastKnownFileType = file.storyboard; name = Base; path = Base.lproj/Main.storyboard; sourceTree = "<group>"; };
		ED74A71F1BEA56B40011A2E3 /* Assets.xcassets */ = {isa = PBXFileReference; lastKnownFileType = folder.assetcatalog; path = Assets.xcassets; sourceTree = "<group>"; };
		ED74A7221BEA56B40011A2E3 /* Base */ = {isa = PBXFileReference; lastKnownFileType = file.storyboard; name = Base; path = Base.lproj/LaunchScreen.storyboard; sourceTree = "<group>"; };
		ED74A7241BEA56B40011A2E3 /* Info.plist */ = {isa = PBXFileReference; lastKnownFileType = text.plist.xml; path = Info.plist; sourceTree = "<group>"; };
		ED74A7291BEA56B40011A2E3 /* CameraTestTests.xctest */ = {isa = PBXFileReference; explicitFileType = wrapper.cfbundle; includeInIndex = 0; path = CameraTestTests.xctest; sourceTree = BUILT_PRODUCTS_DIR; };
		ED74A72D1BEA56B40011A2E3 /* CameraTestTests.m */ = {isa = PBXFileReference; lastKnownFileType = sourcecode.c.objc; path = CameraTestTests.m; sourceTree = "<group>"; };
		ED74A72F1BEA56B40011A2E3 /* Info.plist */ = {isa = PBXFileReference; lastKnownFileType = text.plist.xml; path = Info.plist; sourceTree = "<group>"; };
		ED74A7341BEA56B40011A2E3 /* CameraTestUITests.xctest */ = {isa = PBXFileReference; explicitFileType = wrapper.cfbundle; includeInIndex = 0; path = CameraTestUITests.xctest; sourceTree = BUILT_PRODUCTS_DIR; };
		ED74A7381BEA56B40011A2E3 /* CameraTestUITests.m */ = {isa = PBXFileReference; lastKnownFileType = sourcecode.c.objc; path = CameraTestUITests.m; sourceTree = "<group>"; };
		ED74A73A1BEA56B40011A2E3 /* Info.plist */ = {isa = PBXFileReference; lastKnownFileType = text.plist.xml; path = Info.plist; sourceTree = "<group>"; };
		EDFAD3D91BEA5A7700375822 /* libMasonry.a */ = {isa = PBXFileReference; lastKnownFileType = archive.ar; name = libMasonry.a; path = "Pods/../build/Debug-iphoneos/libMasonry.a"; sourceTree = "<group>"; };
/* End PBXFileReference section */

/* Begin PBXFrameworksBuildPhase section */
		ED74A70D1BEA56B40011A2E3 /* Frameworks */ = {
			isa = PBXFrameworksBuildPhase;
			buildActionMask = 2147483647;
			files = (
				EDFAD3DA1BEA5A7700375822 /* libMasonry.a in Frameworks */,
				0E8C8586890AED20D2688E15 /* libPods-CameraTest.a in Frameworks */,
			);
			runOnlyForDeploymentPostprocessing = 0;
		};
		ED74A7261BEA56B40011A2E3 /* Frameworks */ = {
			isa = PBXFrameworksBuildPhase;
			buildActionMask = 2147483647;
			files = (
			);
			runOnlyForDeploymentPostprocessing = 0;
		};
		ED74A7311BEA56B40011A2E3 /* Frameworks */ = {
			isa = PBXFrameworksBuildPhase;
			buildActionMask = 2147483647;
			files = (
			);
			runOnlyForDeploymentPostprocessing = 0;
		};
/* End PBXFrameworksBuildPhase section */

/* Begin PBXGroup section */
		03AA9C85546164A8CF133485 /* Frameworks */ = {
			isa = PBXGroup;
			children = (
				EDFAD3D91BEA5A7700375822 /* libMasonry.a */,
				AA86C43469E0AA62B8BC46D3 /* libPods-CameraTest.a */,
			);
			name = Frameworks;
			sourceTree = "<group>";
		};
		51A895667FEEB85331166504 /* Pods */ = {
			isa = PBXGroup;
			children = (
				B1BA7B793C860A4671D9A65E /* Pods-CameraTest.debug.xcconfig */,
				E728D94C8F2FAC9795E61813 /* Pods-CameraTest.release.xcconfig */,
			);
			name = Pods;
			sourceTree = "<group>";
		};
		ED74A7071BEA56B40011A2E3 = {
			isa = PBXGroup;
			children = (
				ED74A7121BEA56B40011A2E3 /* CameraTest */,
				ED74A72C1BEA56B40011A2E3 /* CameraTestTests */,
				ED74A7371BEA56B40011A2E3 /* CameraTestUITests */,
				ED74A7111BEA56B40011A2E3 /* Products */,
				51A895667FEEB85331166504 /* Pods */,
				03AA9C85546164A8CF133485 /* Frameworks */,
			);
			sourceTree = "<group>";
		};
		ED74A7111BEA56B40011A2E3 /* Products */ = {
			isa = PBXGroup;
			children = (
				ED74A7101BEA56B40011A2E3 /* CameraTest.app */,
				ED74A7291BEA56B40011A2E3 /* CameraTestTests.xctest */,
				ED74A7341BEA56B40011A2E3 /* CameraTestUITests.xctest */,
			);
			name = Products;
			sourceTree = "<group>";
		};
		ED74A7121BEA56B40011A2E3 /* CameraTest */ = {
			isa = PBXGroup;
			children = (
				ED74A7161BEA56B40011A2E3 /* AppDelegate.h */,
				ED74A7171BEA56B40011A2E3 /* AppDelegate.m */,
				ED74A7191BEA56B40011A2E3 /* ViewController.h */,
				ED74A71A1BEA56B40011A2E3 /* ViewController.m */,
				ED74A71C1BEA56B40011A2E3 /* Main.storyboard */,
				ED74A71F1BEA56B40011A2E3 /* Assets.xcassets */,
				ED74A7211BEA56B40011A2E3 /* LaunchScreen.storyboard */,
				ED74A7241BEA56B40011A2E3 /* Info.plist */,
				ED74A7131BEA56B40011A2E3 /* Supporting Files */,
			);
			path = CameraTest;
			sourceTree = "<group>";
		};
		ED74A7131BEA56B40011A2E3 /* Supporting Files */ = {
			isa = PBXGroup;
			children = (
				ED74A7141BEA56B40011A2E3 /* main.m */,
			);
			name = "Supporting Files";
			sourceTree = "<group>";
		};
		ED74A72C1BEA56B40011A2E3 /* CameraTestTests */ = {
			isa = PBXGroup;
			children = (
				ED74A72D1BEA56B40011A2E3 /* CameraTestTests.m */,
				ED74A72F1BEA56B40011A2E3 /* Info.plist */,
			);
			path = CameraTestTests;
			sourceTree = "<group>";
		};
		ED74A7371BEA56B40011A2E3 /* CameraTestUITests */ = {
			isa = PBXGroup;
			children = (
				ED74A7381BEA56B40011A2E3 /* CameraTestUITests.m */,
				ED74A73A1BEA56B40011A2E3 /* Info.plist */,
			);
			path = CameraTestUITests;
			sourceTree = "<group>";
		};
/* End PBXGroup section */

/* Begin PBXNativeTarget section */
		ED74A70F1BEA56B40011A2E3 /* CameraTest */ = {
			isa = PBXNativeTarget;
			buildConfigurationList = ED74A73D1BEA56B40011A2E3 /* Build configuration list for PBXNativeTarget "CameraTest" */;
			buildPhases = (
				A3689EB913BA90EC5D11B329 /* Check Pods Manifest.lock */,
				ED74A70C1BEA56B40011A2E3 /* Sources */,
				ED74A70D1BEA56B40011A2E3 /* Frameworks */,
				ED74A70E1BEA56B40011A2E3 /* Resources */,
				550AD5F844A52E75ACB71D4F /* Embed Pods Frameworks */,
				19623A75DC55BC0E7888BF3D /* Copy Pods Resources */,
			);
			buildRules = (
			);
			dependencies = (
			);
			name = CameraTest;
			productName = CameraTest;
			productReference = ED74A7101BEA56B40011A2E3 /* CameraTest.app */;
			productType = "com.apple.product-type.application";
		};
		ED74A7281BEA56B40011A2E3 /* CameraTestTests */ = {
			isa = PBXNativeTarget;
			buildConfigurationList = ED74A7401BEA56B40011A2E3 /* Build configuration list for PBXNativeTarget "CameraTestTests" */;
			buildPhases = (
				ED74A7251BEA56B40011A2E3 /* Sources */,
				ED74A7261BEA56B40011A2E3 /* Frameworks */,
				ED74A7271BEA56B40011A2E3 /* Resources */,
			);
			buildRules = (
			);
			dependencies = (
				ED74A72B1BEA56B40011A2E3 /* PBXTargetDependency */,
			);
			name = CameraTestTests;
			productName = CameraTestTests;
			productReference = ED74A7291BEA56B40011A2E3 /* CameraTestTests.xctest */;
			productType = "com.apple.product-type.bundle.unit-test";
		};
		ED74A7331BEA56B40011A2E3 /* CameraTestUITests */ = {
			isa = PBXNativeTarget;
			buildConfigurationList = ED74A7431BEA56B40011A2E3 /* Build configuration list for PBXNativeTarget "CameraTestUITests" */;
			buildPhases = (
				ED74A7301BEA56B40011A2E3 /* Sources */,
				ED74A7311BEA56B40011A2E3 /* Frameworks */,
				ED74A7321BEA56B40011A2E3 /* Resources */,
			);
			buildRules = (
			);
			dependencies = (
				ED74A7361BEA56B40011A2E3 /* PBXTargetDependency */,
			);
			name = CameraTestUITests;
			productName = CameraTestUITests;
			productReference = ED74A7341BEA56B40011A2E3 /* CameraTestUITests.xctest */;
			productType = "com.apple.product-type.bundle.ui-testing";
		};
/* End PBXNativeTarget section */

/* Begin PBXProject section */
		ED74A7081BEA56B40011A2E3 /* Project object */ = {
			isa = PBXProject;
			attributes = {
				LastUpgradeCheck = 0710;
				ORGANIZATIONNAME = wossoneri;
				TargetAttributes = {
					ED74A70F1BEA56B40011A2E3 = {
						CreatedOnToolsVersion = 7.1;
					};
					ED74A7281BEA56B40011A2E3 = {
						CreatedOnToolsVersion = 7.1;
						DevelopmentTeam = BL9NTM3XD4;
						TestTargetID = ED74A70F1BEA56B40011A2E3;
					};
					ED74A7331BEA56B40011A2E3 = {
						CreatedOnToolsVersion = 7.1;
						DevelopmentTeam = BL9NTM3XD4;
						TestTargetID = ED74A70F1BEA56B40011A2E3;
					};
				};
			};
			buildConfigurationList = ED74A70B1BEA56B40011A2E3 /* Build configuration list for PBXProject "CameraTest" */;
			compatibilityVersion = "Xcode 3.2";
			developmentRegion = English;
			hasScannedForEncodings = 0;
			knownRegions = (
				en,
				Base,
			);
			mainGroup = ED74A7071BEA56B40011A2E3;
			productRefGroup = ED74A7111BEA56B40011A2E3 /* Products */;
			projectDirPath = "";
			projectRoot = "";
			targets = (
				ED74A70F1BEA56B40011A2E3 /* CameraTest */,
				ED74A7281BEA56B40011A2E3 /* CameraTestTests */,
				ED74A7331BEA56B40011A2E3 /* CameraTestUITests */,
			);
		};
/* End PBXProject section */

/* Begin PBXResourcesBuildPhase section */
		ED74A70E1BEA56B40011A2E3 /* Resources */ = {
			isa = PBXResourcesBuildPhase;
			buildActionMask = 2147483647;
			files = (
				ED74A7231BEA56B40011A2E3 /* LaunchScreen.storyboard in Resources */,
				ED74A7201BEA56B40011A2E3 /* Assets.xcassets in Resources */,
				ED74A71E1BEA56B40011A2E3 /* Main.storyboard in Resources */,
			);
			runOnlyForDeploymentPostprocessing = 0;
		};
		ED74A7271BEA56B40011A2E3 /* Resources */ = {
			isa = PBXResourcesBuildPhase;
			buildActionMask = 2147483647;
			files = (
			);
			runOnlyForDeploymentPostprocessing = 0;
		};
		ED74A7321BEA56B40011A2E3 /* Resources */ = {
			isa = PBXResourcesBuildPhase;
			buildActionMask = 2147483647;
			files = (
			);
			runOnlyForDeploymentPostprocessing = 0;
		};
/* End PBXResourcesBuildPhase section */

/* Begin PBXShellScriptBuildPhase section */
		19623A75DC55BC0E7888BF3D /* Copy Pods Resources */ = {
			isa = PBXShellScriptBuildPhase;
			buildActionMask = 2147483647;
			files = (
			);
			inputPaths = (
			);
			name = "Copy Pods Resources";
			outputPaths = (
			);
			runOnlyForDeploymentPostprocessing = 0;
			shellPath = /bin/sh;
			shellScript = "\"${SRCROOT}/Pods/Target Support Files/Pods-CameraTest/Pods-CameraTest-resources.sh\"\n";
			showEnvVarsInLog = 0;
		};
		550AD5F844A52E75ACB71D4F /* Embed Pods Frameworks */ = {
			isa = PBXShellScriptBuildPhase;
			buildActionMask = 2147483647;
			files = (
			);
			inputPaths = (
			);
			name = "Embed Pods Frameworks";
			outputPaths = (
			);
			runOnlyForDeploymentPostprocessing = 0;
			shellPath = /bin/sh;
			shellScript = "\"${SRCROOT}/Pods/Target Support Files/Pods-CameraTest/Pods-CameraTest-frameworks.sh\"\n";
			showEnvVarsInLog = 0;
		};
		A3689EB913BA90EC5D11B329 /* Check Pods Manifest.lock */ = {
			isa = PBXShellScriptBuildPhase;
			buildActionMask = 2147483647;
			files = (
			);
			inputPaths = (
			);
			name = "Check Pods Manifest.lock";
			outputPaths = (
			);
			runOnlyForDeploymentPostprocessing = 0;
			shellPath = /bin/sh;
			shellScript = "diff \"${PODS_ROOT}/../Podfile.lock\" \"${PODS_ROOT}/Manifest.lock\" > /dev/null\nif [[ $? != 0 ]] ; then\n    cat << EOM\nerror: The sandbox is not in sync with the Podfile.lock. Run 'pod install' or update your CocoaPods installation.\nEOM\n    exit 1\nfi\n";
			showEnvVarsInLog = 0;
		};
/* End PBXShellScriptBuildPhase section */

/* Begin PBXSourcesBuildPhase section */
		ED74A70C1BEA56B40011A2E3 /* Sources */ = {
			isa = PBXSourcesBuildPhase;
			buildActionMask = 2147483647;
			files = (
				ED74A71B1BEA56B40011A2E3 /* ViewController.m in Sources */,
				ED74A7181BEA56B40011A2E3 /* AppDelegate.m in Sources */,
				ED74A7151BEA56B40011A2E3 /* main.m in Sources */,
			);
			runOnlyForDeploymentPostprocessing = 0;
		};
		ED74A7251BEA56B40011A2E3 /* Sources */ = {
			isa = PBXSourcesBuildPhase;
			buildActionMask = 2147483647;
			files = (
				ED74A72E1BEA56B40011A2E3 /* CameraTestTests.m in Sources */,
			);
			runOnlyForDeploymentPostprocessing = 0;
		};
		ED74A7301BEA56B40011A2E3 /* Sources */ = {
			isa = PBXSourcesBuildPhase;
			buildActionMask = 2147483647;
			files = (
				ED74A7391BEA56B40011A2E3 /* CameraTestUITests.m in Sources */,
			);
			runOnlyForDeploymentPostprocessing = 0;
		};
/* End PBXSourcesBuildPhase section */

/* Begin PBXTargetDependency section */
		ED74A72B1BEA56B40011A2E3 /* PBXTargetDependency */ = {
			isa = PBXTargetDependency;
			target = ED74A70F1BEA56B40011A2E3 /* CameraTest */;
			targetProxy = ED74A72A1BEA56B40011A2E3 /* PBXContainerItemProxy */;
		};
		ED74A7361BEA56B40011A2E3 /* PBXTargetDependency */ = {
			isa = PBXTargetDependency;
			target = ED74A70F1BEA56B40011A2E3 /* CameraTest */;
			targetProxy = ED74A7351BEA56B40011A2E3 /* PBXContainerItemProxy */;
		};
/* End PBXTargetDependency section */

/* Begin PBXVariantGroup section */
		ED74A71C1BEA56B40011A2E3 /* Main.storyboard */ = {
			isa = PBXVariantGroup;
			children = (
				ED74A71D1BEA56B40011A2E3 /* Base */,
			);
			name = Main.storyboard;
			sourceTree = "<group>";
		};
		ED74A7211BEA56B40011A2E3 /* LaunchScreen.storyboard */ = {
			isa = PBXVariantGroup;
			children = (
				ED74A7221BEA56B40011A2E3 /* Base */,
			);
			name = LaunchScreen.storyboard;
			sourceTree = "<group>";
		};
/* End PBXVariantGroup section */

/* Begin XCBuildConfiguration section */
		ED74A73B1BEA56B40011A2E3 /* Debug */ = {
			isa = XCBuildConfiguration;
			buildSettings = {
				ALWAYS_SEARCH_USER_PATHS = NO;
				CLANG_CXX_LANGUAGE_STANDARD = "gnu++0x";
				CLANG_CXX_LIBRARY = "libc++";
				CLANG_ENABLE_MODULES = YES;
				CLANG_ENABLE_OBJC_ARC = YES;
				CLANG_WARN_BOOL_CONVERSION = YES;
				CLANG_WARN_CONSTANT_CONVERSION = YES;
				CLANG_WARN_DIRECT_OBJC_ISA_USAGE = YES_ERROR;
				CLANG_WARN_EMPTY_BODY = YES;
				CLANG_WARN_ENUM_CONVERSION = YES;
				CLANG_WARN_INT_CONVERSION = YES;
				CLANG_WARN_OBJC_ROOT_CLASS = YES_ERROR;
				CLANG_WARN_UNREACHABLE_CODE = YES;
				CLANG_WARN__DUPLICATE_METHOD_MATCH = YES;
				"CODE_SIGN_IDENTITY[sdk=iphoneos*]" = "iPhone Developer";
				COPY_PHASE_STRIP = NO;
				DEBUG_INFORMATION_FORMAT = dwarf;
				ENABLE_STRICT_OBJC_MSGSEND = YES;
				ENABLE_TESTABILITY = YES;
				GCC_C_LANGUAGE_STANDARD = gnu99;
				GCC_DYNAMIC_NO_PIC = NO;
				GCC_NO_COMMON_BLOCKS = YES;
				GCC_OPTIMIZATION_LEVEL = 0;
				GCC_PREPROCESSOR_DEFINITIONS = (
					"DEBUG=1",
					"$(inherited)",
				);
				GCC_WARN_64_TO_32_BIT_CONVERSION = YES;
				GCC_WARN_ABOUT_RETURN_TYPE = YES_ERROR;
				GCC_WARN_UNDECLARED_SELECTOR = YES;
				GCC_WARN_UNINITIALIZED_AUTOS = YES_AGGRESSIVE;
				GCC_WARN_UNUSED_FUNCTION = YES;
				GCC_WARN_UNUSED_VARIABLE = YES;
				IPHONEOS_DEPLOYMENT_TARGET = 9.1;
				MTL_ENABLE_DEBUG_INFO = YES;
				ONLY_ACTIVE_ARCH = YES;
				SDKROOT = iphoneos;
				TARGETED_DEVICE_FAMILY = "1,2";
			};
			name = Debug;
		};
		ED74A73C1BEA56B40011A2E3 /* Release */ = {
			isa = XCBuildConfiguration;
			buildSettings = {
				ALWAYS_SEARCH_USER_PATHS = NO;
				CLANG_CXX_LANGUAGE_STANDARD = "gnu++0x";
				CLANG_CXX_LIBRARY = "libc++";
				CLANG_ENABLE_MODULES = YES;
				CLANG_ENABLE_OBJC_ARC = YES;
				CLANG_WARN_BOOL_CONVERSION = YES;
				CLANG_WARN_CONSTANT_CONVERSION = YES;
				CLANG_WARN_DIRECT_OBJC_ISA_USAGE = YES_ERROR;
				CLANG_WARN_EMPTY_BODY = YES;
				CLANG_WARN_ENUM_CONVERSION = YES;
				CLANG_WARN_INT_CONVERSION = YES;
				CLANG_WARN_OBJC_ROOT_CLASS = YES_ERROR;
				CLANG_WARN_UNREACHABLE_CODE = YES;
				CLANG_WARN__DUPLICATE_METHOD_MATCH = YES;
				"CODE_SIGN_IDENTITY[sdk=iphoneos*]" = "iPhone Developer";
				COPY_PHASE_STRIP = NO;
				DEBUG_INFORMATION_FORMAT = "dwarf-with-dsym";
				ENABLE_NS_ASSERTIONS = NO;
				ENABLE_STRICT_OBJC_MSGSEND = YES;
				GCC_C_LANGUAGE_STANDARD = gnu99;
				GCC_NO_COMMON_BLOCKS = YES;
				GCC_WARN_64_TO_32_BIT_CONVERSION = YES;
				GCC_WARN_ABOUT_RETURN_TYPE = YES_ERROR;
				GCC_WARN_UNDECLARED_SELECTOR = YES;
				GCC_WARN_UNINITIALIZED_AUTOS = YES_AGGRESSIVE;
				GCC_WARN_UNUSED_FUNCTION = YES;
				GCC_WARN_UNUSED_VARIABLE = YES;
				IPHONEOS_DEPLOYMENT_TARGET = 9.1;
				MTL_ENABLE_DEBUG_INFO = NO;
				SDKROOT = iphoneos;
				TARGETED_DEVICE_FAMILY = "1,2";
				VALIDATE_PRODUCT = YES;
			};
			name = Release;
		};
		ED74A73E1BEA56B40011A2E3 /* Debug */ = {
			isa = XCBuildConfiguration;
			baseConfigurationReference = B1BA7B793C860A4671D9A65E /* Pods-CameraTest.debug.xcconfig */;
			buildSettings = {
				ASSETCATALOG_COMPILER_APPICON_NAME = AppIcon;
				CODE_SIGN_IDENTITY = "iPhone Developer";
				INFOPLIST_FILE = CameraTest/Info.plist;
				LD_RUNPATH_SEARCH_PATHS = "$(inherited) @executable_path/Frameworks";
				LIBRARY_SEARCH_PATHS = (
					"$(inherited)",
					"$(PROJECT_DIR)/build/Debug-iphoneos",
				);
				PRODUCT_BUNDLE_IDENTIFIER = com.magewell.CameraTest;
				PRODUCT_NAME = "$(TARGET_NAME)";
			};
			name = Debug;
		};
		ED74A73F1BEA56B40011A2E3 /* Release */ = {
			isa = XCBuildConfiguration;
			baseConfigurationReference = E728D94C8F2FAC9795E61813 /* Pods-CameraTest.release.xcconfig */;
			buildSettings = {
				ASSETCATALOG_COMPILER_APPICON_NAME = AppIcon;
				CODE_SIGN_IDENTITY = "iPhone Developer";
				INFOPLIST_FILE = CameraTest/Info.plist;
				LD_RUNPATH_SEARCH_PATHS = "$(inherited) @executable_path/Frameworks";
				LIBRARY_SEARCH_PATHS = (
					"$(inherited)",
					"$(PROJECT_DIR)/build/Debug-iphoneos",
				);
				PRODUCT_BUNDLE_IDENTIFIER = com.magewell.CameraTest;
				PRODUCT_NAME = "$(TARGET_NAME)";
			};
			name = Release;
		};
		ED74A7411BEA56B40011A2E3 /* Debug */ = {
			isa = XCBuildConfiguration;
			buildSettings = {
				BUNDLE_LOADER = "$(TEST_HOST)";
				INFOPLIST_FILE = CameraTestTests/Info.plist;
				LD_RUNPATH_SEARCH_PATHS = "$(inherited) @executable_path/Frameworks @loader_path/Frameworks";
				PRODUCT_BUNDLE_IDENTIFIER = com.magewell.CameraTestTests;
				PRODUCT_NAME = "$(TARGET_NAME)";
				TEST_HOST = "$(BUILT_PRODUCTS_DIR)/CameraTest.app/CameraTest";
			};
			name = Debug;
		};
		ED74A7421BEA56B40011A2E3 /* Release */ = {
			isa = XCBuildConfiguration;
			buildSettings = {
				BUNDLE_LOADER = "$(TEST_HOST)";
				INFOPLIST_FILE = CameraTestTests/Info.plist;
				LD_RUNPATH_SEARCH_PATHS = "$(inherited) @executable_path/Frameworks @loader_path/Frameworks";
				PRODUCT_BUNDLE_IDENTIFIER = com.magewell.CameraTestTests;
				PRODUCT_NAME = "$(TARGET_NAME)";
				TEST_HOST = "$(BUILT_PRODUCTS_DIR)/CameraTest.app/CameraTest";
			};
			name = Release;
		};
		ED74A7441BEA56B40011A2E3 /* Debug */ = {
			isa = XCBuildConfiguration;
			buildSettings = {
				INFOPLIST_FILE = CameraTestUITests/Info.plist;
				LD_RUNPATH_SEARCH_PATHS = "$(inherited) @executable_path/Frameworks @loader_path/Frameworks";
				PRODUCT_BUNDLE_IDENTIFIER = com.magewell.CameraTestUITests;
				PRODUCT_NAME = "$(TARGET_NAME)";
				TEST_TARGET_NAME = CameraTest;
				USES_XCTRUNNER = YES;
			};
			name = Debug;
		};
		ED74A7451BEA56B40011A2E3 /* Release */ = {
			isa = XCBuildConfiguration;
			buildSettings = {
				INFOPLIST_FILE = CameraTestUITests/Info.plist;
				LD_RUNPATH_SEARCH_PATHS = "$(inherited) @executable_path/Frameworks @loader_path/Frameworks";
				PRODUCT_BUNDLE_IDENTIFIER = com.magewell.CameraTestUITests;
				PRODUCT_NAME = "$(TARGET_NAME)";
				TEST_TARGET_NAME = CameraTest;
				USES_XCTRUNNER = YES;
			};
			name = Release;
		};
/* End XCBuildConfiguration section */

/* Begin XCConfigurationList section */
		ED74A70B1BEA56B40011A2E3 /* Build configuration list for PBXProject "CameraTest" */ = {
			isa = XCConfigurationList;
			buildConfigurations = (
				ED74A73B1BEA56B40011A2E3 /* Debug */,
				ED74A73C1BEA56B40011A2E3 /* Release */,
			);
			defaultConfigurationIsVisible = 0;
			defaultConfigurationName = Release;
		};
		ED74A73D1BEA56B40011A2E3 /* Build configuration list for PBXNativeTarget "CameraTest" */ = {
			isa = XCConfigurationList;
			buildConfigurations = (
				ED74A73E1BEA56B40011A2E3 /* Debug */,
				ED74A73F1BEA56B40011A2E3 /* Release */,
			);
			defaultConfigurationIsVisible = 0;
			defaultConfigurationName = Release;
		};
		ED74A7401BEA56B40011A2E3 /* Build configuration list for PBXNativeTarget "CameraTestTests" */ = {
			isa = XCConfigurationList;
			buildConfigurations = (
				ED74A7411BEA56B40011A2E3 /* Debug */,
				ED74A7421BEA56B40011A2E3 /* Release */,
			);
			defaultConfigurationIsVisible = 0;
			defaultConfigurationName = Release;
		};
		ED74A7431BEA56B40011A2E3 /* Build configuration list for PBXNativeTarget "CameraTestUITests" */ = {
			isa = XCConfigurationList;
			buildConfigurations = (
				ED74A7441BEA56B40011A2E3 /* Debug */,
				ED74A7451BEA56B40011A2E3 /* Release */,
			);
			defaultConfigurationIsVisible = 0;
			defaultConfigurationName = Release;
		};
/* End XCConfigurationList section */
	};
	rootObject = ED74A7081BEA56B40011A2E3 /* Project object */;
}
